// !$*UTF8*$!
{
	archiveVersion = 1;
	classes = {
	};
	objectVersion = 55;
	objects = {

/* Begin PBXBuildFile section */
		192F3451283DAECD0097F2EF /* HexagonParameters.swift in Sources */ = {isa = PBXBuildFile; fileRef = 192F3450283DAECD0097F2EF /* HexagonParameters.swift */; };
		192F3453283DB2040097F2EF /* BadgeBackground.swift in Sources */ = {isa = PBXBuildFile; fileRef = 192F3452283DB2040097F2EF /* BadgeBackground.swift */; };
		192F3455283DBEB50097F2EF /* BadgeSymbol.swift in Sources */ = {isa = PBXBuildFile; fileRef = 192F3454283DBEB50097F2EF /* BadgeSymbol.swift */; };
		192F3457283DC16C0097F2EF /* RotatedBadgeSymbol.swift in Sources */ = {isa = PBXBuildFile; fileRef = 192F3456283DC16C0097F2EF /* RotatedBadgeSymbol.swift */; };
		192F3459283DC1CF0097F2EF /* Badge.swift in Sources */ = {isa = PBXBuildFile; fileRef = 192F3458283DC1CF0097F2EF /* Badge.swift */; };
		196A3F47283CBEE8009D256A /* LandmarksApp.swift in Sources */ = {isa = PBXBuildFile; fileRef = 196A3F46283CBEE8009D256A /* LandmarksApp.swift */; };
		196A3F49283CBEE8009D256A /* ContentView.swift in Sources */ = {isa = PBXBuildFile; fileRef = 196A3F48283CBEE8009D256A /* ContentView.swift */; };
		196A3F4B283CBEE9009D256A /* Assets.xcassets in Resources */ = {isa = PBXBuildFile; fileRef = 196A3F4A283CBEE9009D256A /* Assets.xcassets */; };
		196A3F4E283CBEE9009D256A /* Preview Assets.xcassets in Resources */ = {isa = PBXBuildFile; fileRef = 196A3F4D283CBEE9009D256A /* Preview Assets.xcassets */; };
		196A3F55283CC36A009D256A /* CircleImage.swift in Sources */ = {isa = PBXBuildFile; fileRef = 196A3F54283CC36A009D256A /* CircleImage.swift */; };
		196A3F57283CC441009D256A /* MapView.swift in Sources */ = {isa = PBXBuildFile; fileRef = 196A3F56283CC441009D256A /* MapView.swift */; };
		196A3F59283CCB46009D256A /* landmarkData.json in Resources */ = {isa = PBXBuildFile; fileRef = 196A3F58283CCB46009D256A /* landmarkData.json */; };
		196A3F5B283CCB6A009D256A /* Landmark.swift in Sources */ = {isa = PBXBuildFile; fileRef = 196A3F5A283CCB6A009D256A /* Landmark.swift */; };
		196A3F5D283CCE05009D256A /* ModelData.swift in Sources */ = {isa = PBXBuildFile; fileRef = 196A3F5C283CCE05009D256A /* ModelData.swift */; };
		196A3F64283CD04E009D256A /* LandmarkRow.swift in Sources */ = {isa = PBXBuildFile; fileRef = 196A3F63283CD04E009D256A /* LandmarkRow.swift */; };
		196A3F66283CD4B7009D256A /* LandmarkList.swift in Sources */ = {isa = PBXBuildFile; fileRef = 196A3F65283CD4B7009D256A /* LandmarkList.swift */; };
		196A3F68283CE8B3009D256A /* LandmarkDetail.swift in Sources */ = {isa = PBXBuildFile; fileRef = 196A3F67283CE8B3009D256A /* LandmarkDetail.swift */; };
		197CC967283D397C00D979AF /* FavoriteButton.swift in Sources */ = {isa = PBXBuildFile; fileRef = 197CC966283D397C00D979AF /* FavoriteButton.swift */; };
		19EAFC58283E40E600135E4F /* hikeData.json in Resources */ = {isa = PBXBuildFile; fileRef = 19EAFC57283E40E600135E4F /* hikeData.json */; };
		19EAFC5A283E410500135E4F /* Hike.swift in Sources */ = {isa = PBXBuildFile; fileRef = 19EAFC59283E410500135E4F /* Hike.swift */; };
		19EAFC60283E42C500135E4F /* GraphCapsule.swift in Sources */ = {isa = PBXBuildFile; fileRef = 19EAFC5C283E42C500135E4F /* GraphCapsule.swift */; };
		19EAFC61283E42C500135E4F /* HikeGraph.swift in Sources */ = {isa = PBXBuildFile; fileRef = 19EAFC5D283E42C500135E4F /* HikeGraph.swift */; };
		19EAFC62283E42C500135E4F /* HikeDetail.swift in Sources */ = {isa = PBXBuildFile; fileRef = 19EAFC5E283E42C500135E4F /* HikeDetail.swift */; };
		19EAFC63283E42C500135E4F /* HikeView.swift in Sources */ = {isa = PBXBuildFile; fileRef = 19EAFC5F283E42C500135E4F /* HikeView.swift */; };
/* End PBXBuildFile section */

/* Begin PBXFileReference section */
		192F3450283DAECD0097F2EF /* HexagonParameters.swift */ = {isa = PBXFileReference; lastKnownFileType = sourcecode.swift; path = HexagonParameters.swift; sourceTree = "<group>"; };
		192F3452283DB2040097F2EF /* BadgeBackground.swift */ = {isa = PBXFileReference; lastKnownFileType = sourcecode.swift; path = BadgeBackground.swift; sourceTree = "<group>"; };
		192F3454283DBEB50097F2EF /* BadgeSymbol.swift */ = {isa = PBXFileReference; lastKnownFileType = sourcecode.swift; path = BadgeSymbol.swift; sourceTree = "<group>"; };
		192F3456283DC16C0097F2EF /* RotatedBadgeSymbol.swift */ = {isa = PBXFileReference; lastKnownFileType = sourcecode.swift; path = RotatedBadgeSymbol.swift; sourceTree = "<group>"; };
		192F3458283DC1CF0097F2EF /* Badge.swift */ = {isa = PBXFileReference; lastKnownFileType = sourcecode.swift; path = Badge.swift; sourceTree = "<group>"; };
		196A3F43283CBEE8009D256A /* Landmarks.app */ = {isa = PBXFileReference; explicitFileType = wrapper.application; includeInIndex = 0; path = Landmarks.app; sourceTree = BUILT_PRODUCTS_DIR; };
		196A3F46283CBEE8009D256A /* LandmarksApp.swift */ = {isa = PBXFileReference; lastKnownFileType = sourcecode.swift; path = LandmarksApp.swift; sourceTree = "<group>"; };
		196A3F48283CBEE8009D256A /* ContentView.swift */ = {isa = PBXFileReference; lastKnownFileType = sourcecode.swift; path = ContentView.swift; sourceTree = "<group>"; };
		196A3F4A283CBEE9009D256A /* Assets.xcassets */ = {isa = PBXFileReference; lastKnownFileType = folder.assetcatalog; path = Assets.xcassets; sourceTree = "<group>"; };
		196A3F4D283CBEE9009D256A /* Preview Assets.xcassets */ = {isa = PBXFileReference; lastKnownFileType = folder.assetcatalog; path = "Preview Assets.xcassets"; sourceTree = "<group>"; };
		196A3F54283CC36A009D256A /* CircleImage.swift */ = {isa = PBXFileReference; lastKnownFileType = sourcecode.swift; path = CircleImage.swift; sourceTree = "<group>"; };
		196A3F56283CC441009D256A /* MapView.swift */ = {isa = PBXFileReference; lastKnownFileType = sourcecode.swift; path = MapView.swift; sourceTree = "<group>"; };
		196A3F58283CCB46009D256A /* landmarkData.json */ = {isa = PBXFileReference; fileEncoding = 4; lastKnownFileType = text.json; path = landmarkData.json; sourceTree = "<group>"; };
		196A3F5A283CCB6A009D256A /* Landmark.swift */ = {isa = PBXFileReference; lastKnownFileType = sourcecode.swift; path = Landmark.swift; sourceTree = "<group>"; };
		196A3F5C283CCE05009D256A /* ModelData.swift */ = {isa = PBXFileReference; lastKnownFileType = sourcecode.swift; path = ModelData.swift; sourceTree = "<group>"; };
		196A3F63283CD04E009D256A /* LandmarkRow.swift */ = {isa = PBXFileReference; lastKnownFileType = sourcecode.swift; path = LandmarkRow.swift; sourceTree = "<group>"; };
		196A3F65283CD4B7009D256A /* LandmarkList.swift */ = {isa = PBXFileReference; lastKnownFileType = sourcecode.swift; path = LandmarkList.swift; sourceTree = "<group>"; };
		196A3F67283CE8B3009D256A /* LandmarkDetail.swift */ = {isa = PBXFileReference; lastKnownFileType = sourcecode.swift; path = LandmarkDetail.swift; sourceTree = "<group>"; };
		197CC966283D397C00D979AF /* FavoriteButton.swift */ = {isa = PBXFileReference; lastKnownFileType = sourcecode.swift; path = FavoriteButton.swift; sourceTree = "<group>"; };
		19EAFC57283E40E600135E4F /* hikeData.json */ = {isa = PBXFileReference; fileEncoding = 4; lastKnownFileType = text.json; path = hikeData.json; sourceTree = "<group>"; };
		19EAFC59283E410500135E4F /* Hike.swift */ = {isa = PBXFileReference; lastKnownFileType = sourcecode.swift; path = Hike.swift; sourceTree = "<group>"; };
		19EAFC5C283E42C500135E4F /* GraphCapsule.swift */ = {isa = PBXFileReference; fileEncoding = 4; lastKnownFileType = sourcecode.swift; path = GraphCapsule.swift; sourceTree = "<group>"; };
		19EAFC5D283E42C500135E4F /* HikeGraph.swift */ = {isa = PBXFileReference; fileEncoding = 4; lastKnownFileType = sourcecode.swift; path = HikeGraph.swift; sourceTree = "<group>"; };
		19EAFC5E283E42C500135E4F /* HikeDetail.swift */ = {isa = PBXFileReference; fileEncoding = 4; lastKnownFileType = sourcecode.swift; path = HikeDetail.swift; sourceTree = "<group>"; };
		19EAFC5F283E42C500135E4F /* HikeView.swift */ = {isa = PBXFileReference; fileEncoding = 4; lastKnownFileType = sourcecode.swift; path = HikeView.swift; sourceTree = "<group>"; };
/* End PBXFileReference section */

/* Begin PBXFrameworksBuildPhase section */
		196A3F40283CBEE8009D256A /* Frameworks */ = {
			isa = PBXFrameworksBuildPhase;
			buildActionMask = 2147483647;
			files = (
			);
			runOnlyForDeploymentPostprocessing = 0;
		};
/* End PBXFrameworksBuildPhase section */

/* Begin PBXGroup section */
		192F345A283DC3230097F2EF /* Badges */ = {
			isa = PBXGroup;
			children = (
				192F3458283DC1CF0097F2EF /* Badge.swift */,
				192F3454283DBEB50097F2EF /* BadgeSymbol.swift */,
				192F3456283DC16C0097F2EF /* RotatedBadgeSymbol.swift */,
				192F3452283DB2040097F2EF /* BadgeBackground.swift */,
				192F3450283DAECD0097F2EF /* HexagonParameters.swift */,
			);
			path = Badges;
			sourceTree = "<group>";
		};
		196A3F3A283CBEE8009D256A = {
			isa = PBXGroup;
			children = (
				196A3F45283CBEE8009D256A /* Landmarks */,
				196A3F44283CBEE8009D256A /* Products */,
			);
			sourceTree = "<group>";
		};
		196A3F44283CBEE8009D256A /* Products */ = {
			isa = PBXGroup;
			children = (
				196A3F43283CBEE8009D256A /* Landmarks.app */,
			);
			name = Products;
			sourceTree = "<group>";
		};
		196A3F45283CBEE8009D256A /* Landmarks */ = {
			isa = PBXGroup;
			children = (
				196A3F46283CBEE8009D256A /* LandmarksApp.swift */,
				196A3F60283CCFE7009D256A /* Views */,
				196A3F62283CD00A009D256A /* Model */,
				196A3F61283CCFF4009D256A /* Resources */,
				196A3F4A283CBEE9009D256A /* Assets.xcassets */,
				196A3F4C283CBEE9009D256A /* Preview Content */,
			);
			path = Landmarks;
			sourceTree = "<group>";
		};
		196A3F4C283CBEE9009D256A /* Preview Content */ = {
			isa = PBXGroup;
			children = (
				196A3F4D283CBEE9009D256A /* Preview Assets.xcassets */,
			);
			path = "Preview Content";
			sourceTree = "<group>";
		};
		196A3F60283CCFE7009D256A /* Views */ = {
			isa = PBXGroup;
			children = (
				196A3F48283CBEE8009D256A /* ContentView.swift */,
				192F345A283DC3230097F2EF /* Badges */,
				197CC968283D3A7300D979AF /* Landmarks */,
				19EAFC5B283E42C500135E4F /* Hikes */,
				197CC969283D3A9000D979AF /* Helpers */,
			);
			path = Views;
			sourceTree = "<group>";
		};
		196A3F61283CCFF4009D256A /* Resources */ = {
			isa = PBXGroup;
			children = (
				196A3F58283CCB46009D256A /* landmarkData.json */,
				19EAFC57283E40E600135E4F /* hikeData.json */,
			);
			path = Resources;
			sourceTree = "<group>";
		};
		196A3F62283CD00A009D256A /* Model */ = {
			isa = PBXGroup;
			children = (
				196A3F5A283CCB6A009D256A /* Landmark.swift */,
				19EAFC59283E410500135E4F /* Hike.swift */,
				196A3F5C283CCE05009D256A /* ModelData.swift */,
			);
			path = Model;
			sourceTree = "<group>";
		};
		197CC968283D3A7300D979AF /* Landmarks */ = {
			isa = PBXGroup;
			children = (
				196A3F65283CD4B7009D256A /* LandmarkList.swift */,
				196A3F67283CE8B3009D256A /* LandmarkDetail.swift */,
				196A3F63283CD04E009D256A /* LandmarkRow.swift */,
			);
			path = Landmarks;
			sourceTree = "<group>";
		};
		197CC969283D3A9000D979AF /* Helpers */ = {
			isa = PBXGroup;
			children = (
				196A3F54283CC36A009D256A /* CircleImage.swift */,
				196A3F56283CC441009D256A /* MapView.swift */,
				197CC966283D397C00D979AF /* FavoriteButton.swift */,
			);
			path = Helpers;
			sourceTree = "<group>";
		};
		19EAFC5B283E42C500135E4F /* Hikes */ = {
			isa = PBXGroup;
			children = (
				19EAFC5F283E42C500135E4F /* HikeView.swift */,
				19EAFC5E283E42C500135E4F /* HikeDetail.swift */,
				19EAFC5D283E42C500135E4F /* HikeGraph.swift */,
				19EAFC5C283E42C500135E4F /* GraphCapsule.swift */,
			);
			path = Hikes;
			sourceTree = "<group>";
		};
/* End PBXGroup section */

/* Begin PBXNativeTarget section */
		196A3F42283CBEE8009D256A /* Landmarks */ = {
			isa = PBXNativeTarget;
			buildConfigurationList = 196A3F51283CBEE9009D256A /* Build configuration list for PBXNativeTarget "Landmarks" */;
			buildPhases = (
				196A3F3F283CBEE8009D256A /* Sources */,
				196A3F40283CBEE8009D256A /* Frameworks */,
				196A3F41283CBEE8009D256A /* Resources */,
			);
			buildRules = (
			);
			dependencies = (
			);
			name = Landmarks;
			productName = Landmarks;
			productReference = 196A3F43283CBEE8009D256A /* Landmarks.app */;
			productType = "com.apple.product-type.application";
		};
/* End PBXNativeTarget section */

/* Begin PBXProject section */
		196A3F3B283CBEE8009D256A /* Project object */ = {
			isa = PBXProject;
			attributes = {
				BuildIndependentTargetsInParallel = 1;
				LastSwiftUpdateCheck = 1340;
				LastUpgradeCheck = 1340;
				TargetAttributes = {
					196A3F42283CBEE8009D256A = {
						CreatedOnToolsVersion = 13.4;
					};
				};
			};
			buildConfigurationList = 196A3F3E283CBEE8009D256A /* Build configuration list for PBXProject "Landmarks" */;
			compatibilityVersion = "Xcode 13.0";
			developmentRegion = en;
			hasScannedForEncodings = 0;
			knownRegions = (
				en,
				Base,
			);
			mainGroup = 196A3F3A283CBEE8009D256A;
			productRefGroup = 196A3F44283CBEE8009D256A /* Products */;
			projectDirPath = "";
			projectRoot = "";
			targets = (
				196A3F42283CBEE8009D256A /* Landmarks */,
			);
		};
/* End PBXProject section */

/* Begin PBXResourcesBuildPhase section */
		196A3F41283CBEE8009D256A /* Resources */ = {
			isa = PBXResourcesBuildPhase;
			buildActionMask = 2147483647;
			files = (
				19EAFC58283E40E600135E4F /* hikeData.json in Resources */,
				196A3F4E283CBEE9009D256A /* Preview Assets.xcassets in Resources */,
				196A3F4B283CBEE9009D256A /* Assets.xcassets in Resources */,
				196A3F59283CCB46009D256A /* landmarkData.json in Resources */,
			);
			runOnlyForDeploymentPostprocessing = 0;
		};
/* End PBXResourcesBuildPhase section */

/* Begin PBXSourcesBuildPhase section */
		196A3F3F283CBEE8009D256A /* Sources */ = {
			isa = PBXSourcesBuildPhase;
			buildActionMask = 2147483647;
			files = (
				196A3F49283CBEE8009D256A /* ContentView.swift in Sources */,
				19EAFC61283E42C500135E4F /* HikeGraph.swift in Sources */,
				192F3459283DC1CF0097F2EF /* Badge.swift in Sources */,
				196A3F57283CC441009D256A /* MapView.swift in Sources */,
				19EAFC60283E42C500135E4F /* GraphCapsule.swift in Sources */,
				196A3F47283CBEE8009D256A /* LandmarksApp.swift in Sources */,
				197CC967283D397C00D979AF /* FavoriteButton.swift in Sources */,
				19EAFC62283E42C500135E4F /* HikeDetail.swift in Sources */,
				192F3451283DAECD0097F2EF /* HexagonParameters.swift in Sources */,
				19EAFC5A283E410500135E4F /* Hike.swift in Sources */,
				192F3457283DC16C0097F2EF /* RotatedBadgeSymbol.swift in Sources */,
				192F3455283DBEB50097F2EF /* BadgeSymbol.swift in Sources */,
				196A3F66283CD4B7009D256A /* LandmarkList.swift in Sources */,
				19EAFC63283E42C500135E4F /* HikeView.swift in Sources */,
				196A3F68283CE8B3009D256A /* LandmarkDetail.swift in Sources */,
				192F3453283DB2040097F2EF /* BadgeBackground.swift in Sources */,
				196A3F55283CC36A009D256A /* CircleImage.swift in Sources */,
				196A3F5B283CCB6A009D256A /* Landmark.swift in Sources */,
				196A3F64283CD04E009D256A /* LandmarkRow.swift in Sources */,
				196A3F5D283CCE05009D256A /* ModelData.swift in Sources */,
			);
			runOnlyForDeploymentPostprocessing = 0;
		};
/* End PBXSourcesBuildPhase section */

/* Begin XCBuildConfiguration section */
		196A3F4F283CBEE9009D256A /* Debug */ = {
			isa = XCBuildConfiguration;
			buildSettings = {
				ALWAYS_SEARCH_USER_PATHS = NO;
				CLANG_ANALYZER_NONNULL = YES;
				CLANG_ANALYZER_NUMBER_OBJECT_CONVERSION = YES_AGGRESSIVE;
				CLANG_CXX_LANGUAGE_STANDARD = "gnu++17";
				CLANG_ENABLE_MODULES = YES;
				CLANG_ENABLE_OBJC_ARC = YES;
				CLANG_ENABLE_OBJC_WEAK = YES;
				CLANG_WARN_BLOCK_CAPTURE_AUTORELEASING = YES;
				CLANG_WARN_BOOL_CONVERSION = YES;
				CLANG_WARN_COMMA = YES;
				CLANG_WARN_CONSTANT_CONVERSION = YES;
				CLANG_WARN_DEPRECATED_OBJC_IMPLEMENTATIONS = YES;
				CLANG_WARN_DIRECT_OBJC_ISA_USAGE = YES_ERROR;
				CLANG_WARN_DOCUMENTATION_COMMENTS = YES;
				CLANG_WARN_EMPTY_BODY = YES;
				CLANG_WARN_ENUM_CONVERSION = YES;
				CLANG_WARN_INFINITE_RECURSION = YES;
				CLANG_WARN_INT_CONVERSION = YES;
				CLANG_WARN_NON_LITERAL_NULL_CONVERSION = YES;
				CLANG_WARN_OBJC_IMPLICIT_RETAIN_SELF = YES;
				CLANG_WARN_OBJC_LITERAL_CONVERSION = YES;
				CLANG_WARN_OBJC_ROOT_CLASS = YES_ERROR;
				CLANG_WARN_QUOTED_INCLUDE_IN_FRAMEWORK_HEADER = YES;
				CLANG_WARN_RANGE_LOOP_ANALYSIS = YES;
				CLANG_WARN_STRICT_PROTOTYPES = YES;
				CLANG_WARN_SUSPICIOUS_MOVE = YES;
				CLANG_WARN_UNGUARDED_AVAILABILITY = YES_AGGRESSIVE;
				CLANG_WARN_UNREACHABLE_CODE = YES;
				CLANG_WARN__DUPLICATE_METHOD_MATCH = YES;
				COPY_PHASE_STRIP = NO;
				DEBUG_INFORMATION_FORMAT = dwarf;
				ENABLE_STRICT_OBJC_MSGSEND = YES;
				ENABLE_TESTABILITY = YES;
				GCC_C_LANGUAGE_STANDARD = gnu11;
				GCC_DYNAMIC_NO_PIC = NO;
				GCC_NO_COMMON_BLOCKS = YES;
				GCC_OPTIMIZATION_LEVEL = 0;
				GCC_PREPROCESSOR_DEFINITIONS = (
					"DEBUG=1",
					"$(inherited)",
				);
				GCC_WARN_64_TO_32_BIT_CONVERSION = YES;
				GCC_WARN_ABOUT_RETURN_TYPE = YES_ERROR;
				GCC_WARN_UNDECLARED_SELECTOR = YES;
				GCC_WARN_UNINITIALIZED_AUTOS = YES_AGGRESSIVE;
				GCC_WARN_UNUSED_FUNCTION = YES;
				GCC_WARN_UNUSED_VARIABLE = YES;
				IPHONEOS_DEPLOYMENT_TARGET = 15.5;
				MTL_ENABLE_DEBUG_INFO = INCLUDE_SOURCE;
				MTL_FAST_MATH = YES;
				ONLY_ACTIVE_ARCH = YES;
				SDKROOT = iphoneos;
				SWIFT_ACTIVE_COMPILATION_CONDITIONS = DEBUG;
				SWIFT_OPTIMIZATION_LEVEL = "-Onone";
			};
			name = Debug;
		};
		196A3F50283CBEE9009D256A /* Release */ = {
			isa = XCBuildConfiguration;
			buildSettings = {
				ALWAYS_SEARCH_USER_PATHS = NO;
				CLANG_ANALYZER_NONNULL = YES;
				CLANG_ANALYZER_NUMBER_OBJECT_CONVERSION = YES_AGGRESSIVE;
				CLANG_CXX_LANGUAGE_STANDARD = "gnu++17";
				CLANG_ENABLE_MODULES = YES;
				CLANG_ENABLE_OBJC_ARC = YES;
				CLANG_ENABLE_OBJC_WEAK = YES;
				CLANG_WARN_BLOCK_CAPTURE_AUTORELEASING = YES;
				CLANG_WARN_BOOL_CONVERSION = YES;
				CLANG_WARN_COMMA = YES;
				CLANG_WARN_CONSTANT_CONVERSION = YES;
				CLANG_WARN_DEPRECATED_OBJC_IMPLEMENTATIONS = YES;
				CLANG_WARN_DIRECT_OBJC_ISA_USAGE = YES_ERROR;
				CLANG_WARN_DOCUMENTATION_COMMENTS = YES;
				CLANG_WARN_EMPTY_BODY = YES;
				CLANG_WARN_ENUM_CONVERSION = YES;
				CLANG_WARN_INFINITE_RECURSION = YES;
				CLANG_WARN_INT_CONVERSION = YES;
				CLANG_WARN_NON_LITERAL_NULL_CONVERSION = YES;
				CLANG_WARN_OBJC_IMPLICIT_RETAIN_SELF = YES;
				CLANG_WARN_OBJC_LITERAL_CONVERSION = YES;
				CLANG_WARN_OBJC_ROOT_CLASS = YES_ERROR;
				CLANG_WARN_QUOTED_INCLUDE_IN_FRAMEWORK_HEADER = YES;
				CLANG_WARN_RANGE_LOOP_ANALYSIS = YES;
				CLANG_WARN_STRICT_PROTOTYPES = YES;
				CLANG_WARN_SUSPICIOUS_MOVE = YES;
				CLANG_WARN_UNGUARDED_AVAILABILITY = YES_AGGRESSIVE;
				CLANG_WARN_UNREACHABLE_CODE = YES;
				CLANG_WARN__DUPLICATE_METHOD_MATCH = YES;
				COPY_PHASE_STRIP = NO;
				DEBUG_INFORMATION_FORMAT = "dwarf-with-dsym";
				ENABLE_NS_ASSERTIONS = NO;
				ENABLE_STRICT_OBJC_MSGSEND = YES;
				GCC_C_LANGUAGE_STANDARD = gnu11;
				GCC_NO_COMMON_BLOCKS = YES;
				GCC_WARN_64_TO_32_BIT_CONVERSION = YES;
				GCC_WARN_ABOUT_RETURN_TYPE = YES_ERROR;
				GCC_WARN_UNDECLARED_SELECTOR = YES;
				GCC_WARN_UNINITIALIZED_AUTOS = YES_AGGRESSIVE;
				GCC_WARN_UNUSED_FUNCTION = YES;
				GCC_WARN_UNUSED_VARIABLE = YES;
				IPHONEOS_DEPLOYMENT_TARGET = 15.5;
				MTL_ENABLE_DEBUG_INFO = NO;
				MTL_FAST_MATH = YES;
				SDKROOT = iphoneos;
				SWIFT_COMPILATION_MODE = wholemodule;
				SWIFT_OPTIMIZATION_LEVEL = "-O";
				VALIDATE_PRODUCT = YES;
			};
			name = Release;
		};
		196A3F52283CBEE9009D256A /* Debug */ = {
			isa = XCBuildConfiguration;
			buildSettings = {
				ASSETCATALOG_COMPILER_APPICON_NAME = AppIcon;
				ASSETCATALOG_COMPILER_GLOBAL_ACCENT_COLOR_NAME = AccentColor;
				CODE_SIGN_STYLE = Automatic;
				CURRENT_PROJECT_VERSION = 1;
				DEVELOPMENT_ASSET_PATHS = "\"Landmarks/Preview Content\"";
				DEVELOPMENT_TEAM = R3CRSCKQ4W;
				ENABLE_PREVIEWS = YES;
				GENERATE_INFOPLIST_FILE = YES;
				INFOPLIST_KEY_UIApplicationSceneManifest_Generation = YES;
				INFOPLIST_KEY_UIApplicationSupportsIndirectInputEvents = YES;
				INFOPLIST_KEY_UILaunchScreen_Generation = YES;
				INFOPLIST_KEY_UISupportedInterfaceOrientations_iPad = "UIInterfaceOrientationPortrait UIInterfaceOrientationPortraitUpsideDown UIInterfaceOrientationLandscapeLeft UIInterfaceOrientationLandscapeRight";
				INFOPLIST_KEY_UISupportedInterfaceOrientations_iPhone = "UIInterfaceOrientationPortrait UIInterfaceOrientationLandscapeLeft UIInterfaceOrientationLandscapeRight";
				LD_RUNPATH_SEARCH_PATHS = (
					"$(inherited)",
					"@executable_path/Frameworks",
				);
				MARKETING_VERSION = 1.0;
				PRODUCT_BUNDLE_IDENTIFIER = Seongbin.Landmarks;
				PRODUCT_NAME = "$(TARGET_NAME)";
				SWIFT_EMIT_LOC_STRINGS = YES;
				SWIFT_VERSION = 5.0;
				TARGETED_DEVICE_FAMILY = "1,2";
			};
			name = Debug;
		};
		196A3F53283CBEE9009D256A /* Release */ = {
			isa = XCBuildConfiguration;
			buildSettings = {
				ASSETCATALOG_COMPILER_APPICON_NAME = AppIcon;
				ASSETCATALOG_COMPILER_GLOBAL_ACCENT_COLOR_NAME = AccentColor;
				CODE_SIGN_STYLE = Automatic;
				CURRENT_PROJECT_VERSION = 1;
				DEVELOPMENT_ASSET_PATHS = "\"Landmarks/Preview Content\"";
				DEVELOPMENT_TEAM = R3CRSCKQ4W;
				ENABLE_PREVIEWS = YES;
				GENERATE_INFOPLIST_FILE = YES;
				INFOPLIST_KEY_UIApplicationSceneManifest_Generation = YES;
				INFOPLIST_KEY_UIApplicationSupportsIndirectInputEvents = YES;
				INFOPLIST_KEY_UILaunchScreen_Generation = YES;
				INFOPLIST_KEY_UISupportedInterfaceOrientations_iPad = "UIInterfaceOrientationPortrait UIInterfaceOrientationPortraitUpsideDown UIInterfaceOrientationLandscapeLeft UIInterfaceOrientationLandscapeRight";
				INFOPLIST_KEY_UISupportedInterfaceOrientations_iPhone = "UIInterfaceOrientationPortrait UIInterfaceOrientationLandscapeLeft UIInterfaceOrientationLandscapeRight";
				LD_RUNPATH_SEARCH_PATHS = (
					"$(inherited)",
					"@executable_path/Frameworks",
				);
				MARKETING_VERSION = 1.0;
				PRODUCT_BUNDLE_IDENTIFIER = Seongbin.Landmarks;
				PRODUCT_NAME = "$(TARGET_NAME)";
				SWIFT_EMIT_LOC_STRINGS = YES;
				SWIFT_VERSION = 5.0;
				TARGETED_DEVICE_FAMILY = "1,2";
			};
			name = Release;
		};
/* End XCBuildConfiguration section */

/* Begin XCConfigurationList section */
		196A3F3E283CBEE8009D256A /* Build configuration list for PBXProject "Landmarks" */ = {
			isa = XCConfigurationList;
			buildConfigurations = (
				196A3F4F283CBEE9009D256A /* Debug */,
				196A3F50283CBEE9009D256A /* Release */,
			);
			defaultConfigurationIsVisible = 0;
			defaultConfigurationName = Release;
		};
		196A3F51283CBEE9009D256A /* Build configuration list for PBXNativeTarget "Landmarks" */ = {
			isa = XCConfigurationList;
			buildConfigurations = (
				196A3F52283CBEE9009D256A /* Debug */,
				196A3F53283CBEE9009D256A /* Release */,
			);
			defaultConfigurationIsVisible = 0;
			defaultConfigurationName = Release;
		};
/* End XCConfigurationList section */
	};
	rootObject = 196A3F3B283CBEE8009D256A /* Project object */;
}
