// !$*UTF8*$!
{
	archiveVersion = 1;
	classes = {
	};
	objectVersion = 55;
	objects = {

/* Begin PBXBuildFile section */
		192F3451283DAECD0097F2EF /* HexagonParameters.swift in Sources */ = {isa = PBXBuildFile; fileRef = 192F3450283DAECD0097F2EF /* HexagonParameters.swift */; };
		192F3453283DB2040097F2EF /* BadgeBackground.swift in Sources */ = {isa = PBXBuildFile; fileRef = 192F3452283DB2040097F2EF /* BadgeBackground.swift */; };
		192F3455283DBEB50097F2EF /* BadgeSymbol.swift in Sources */ = {isa = PBXBuildFile; fileRef = 192F3454283DBEB50097F2EF /* BadgeSymbol.swift */; };
		192F3457283DC16C0097F2EF /* RotatedBadgeSymbol.swift in Sources */ = {isa = PBXBuildFile; fileRef = 192F3456283DC16C0097F2EF /* RotatedBadgeSymbol.swift */; };
		192F3459283DC1CF0097F2EF /* Badge.swift in Sources */ = {isa = PBXBuildFile; fileRef = 192F3458283DC1CF0097F2EF /* Badge.swift */; };
		196A3F47283CBEE8009D256A /* LandmarksApp.swift in Sources */ = {isa = PBXBuildFile; fileRef = 196A3F46283CBEE8009D256A /* LandmarksApp.swift */; };
		196A3F49283CBEE8009D256A /* ContentView.swift in Sources */ = {isa = PBXBuildFile; fileRef = 196A3F48283CBEE8009D256A /* ContentView.swift */; };
		196A3F4B283CBEE9009D256A /* Assets.xcassets in Resources */ = {isa = PBXBuildFile; fileRef = 196A3F4A283CBEE9009D256A /* Assets.xcassets */; };
		196A3F4E283CBEE9009D256A /* Preview Assets.xcassets in Resources */ = {isa = PBXBuildFile; fileRef = 196A3F4D283CBEE9009D256A /* Preview Assets.xcassets */; };
		196A3F55283CC36A009D256A /* CircleImage.swift in Sources */ = {isa = PBXBuildFile; fileRef = 196A3F54283CC36A009D256A /* CircleImage.swift */; };
		196A3F57283CC441009D256A /* MapView.swift in Sources */ = {isa = PBXBuildFile; fileRef = 196A3F56283CC441009D256A /* MapView.swift */; };
		196A3F59283CCB46009D256A /* landmarkData.json in Resources */ = {isa = PBXBuildFile; fileRef = 196A3F58283CCB46009D256A /* landmarkData.json */; };
		196A3F5B283CCB6A009D256A /* Landmark.swift in Sources */ = {isa = PBXBuildFile; fileRef = 196A3F5A283CCB6A009D256A /* Landmark.swift */; };
		196A3F5D283CCE05009D256A /* ModelData.swift in Sources */ = {isa = PBXBuildFile; fileRef = 196A3F5C283CCE05009D256A /* ModelData.swift */; };
		196A3F64283CD04E009D256A /* LandmarkRow.swift in Sources */ = {isa = PBXBuildFile; fileRef = 196A3F63283CD04E009D256A /* LandmarkRow.swift */; };
		196A3F66283CD4B7009D256A /* LandmarkList.swift in Sources */ = {isa = PBXBuildFile; fileRef = 196A3F65283CD4B7009D256A /* LandmarkList.swift */; };
		196A3F68283CE8B3009D256A /* LandmarkDetail.swift in Sources */ = {isa = PBXBuildFile; fileRef = 196A3F67283CE8B3009D256A /* LandmarkDetail.swift */; };
		197CC967283D397C00D979AF /* FavoriteButton.swift in Sources */ = {isa = PBXBuildFile; fileRef = 197CC966283D397C00D979AF /* FavoriteButton.swift */; };
		199095BB283F129100704315 /* PageViewController.swift in Sources */ = {isa = PBXBuildFile; fileRef = 199095BA283F129100704315 /* PageViewController.swift */; };
		199095BD283F20C000704315 /* FeatureCard.swift in Sources */ = {isa = PBXBuildFile; fileRef = 199095BC283F20C000704315 /* FeatureCard.swift */; };
		199095BF283F22C600704315 /* PageView.swift in Sources */ = {isa = PBXBuildFile; fileRef = 199095BE283F22C600704315 /* PageView.swift */; };
		199095C2283F324C00704315 /* PageControl.swift in Sources */ = {isa = PBXBuildFile; fileRef = 199095C1283F324C00704315 /* PageControl.swift */; };
		199095C8283FD19100704315 /* Assets.xcassets in Resources */ = {isa = PBXBuildFile; fileRef = 199095C7283FD19100704315 /* Assets.xcassets */; };
		199095CE283FD19100704315 /* WatchLandmarks WatchKit Extension.appex in Embed App Extensions */ = {isa = PBXBuildFile; fileRef = 199095CD283FD19100704315 /* WatchLandmarks WatchKit Extension.appex */; settings = {ATTRIBUTES = (RemoveHeadersOnCopy, ); }; };
		199095D5283FD19100704315 /* ContentView.swift in Sources */ = {isa = PBXBuildFile; fileRef = 199095D4283FD19100704315 /* ContentView.swift */; };
		199095D7283FD19100704315 /* NotificationController.swift in Sources */ = {isa = PBXBuildFile; fileRef = 199095D6283FD19100704315 /* NotificationController.swift */; };
		199095D9283FD19100704315 /* NotificationView.swift in Sources */ = {isa = PBXBuildFile; fileRef = 199095D8283FD19100704315 /* NotificationView.swift */; };
		199095DB283FD19100704315 /* ComplicationController.swift in Sources */ = {isa = PBXBuildFile; fileRef = 199095DA283FD19100704315 /* ComplicationController.swift */; };
		199095DD283FD19200704315 /* Assets.xcassets in Resources */ = {isa = PBXBuildFile; fileRef = 199095DC283FD19200704315 /* Assets.xcassets */; };
		199095E0283FD19200704315 /* Preview Assets.xcassets in Resources */ = {isa = PBXBuildFile; fileRef = 199095DF283FD19200704315 /* Preview Assets.xcassets */; };
		199095E5283FD19200704315 /* WatchLandmarks.app in Embed Watch Content */ = {isa = PBXBuildFile; fileRef = 199095C5283FD19100704315 /* WatchLandmarks.app */; settings = {ATTRIBUTES = (RemoveHeadersOnCopy, ); }; };
		199095EE283FD42E00704315 /* Assets.xcassets in Resources */ = {isa = PBXBuildFile; fileRef = 196A3F4A283CBEE9009D256A /* Assets.xcassets */; };
		199095EF283FD42E00704315 /* ModelData.swift in Sources */ = {isa = PBXBuildFile; fileRef = 196A3F5C283CCE05009D256A /* ModelData.swift */; };
		199095F0283FD42E00704315 /* Profile.swift in Sources */ = {isa = PBXBuildFile; fileRef = 19EAFC6B283E652A00135E4F /* Profile.swift */; };
		199095F1283FD42E00704315 /* CircleImage.swift in Sources */ = {isa = PBXBuildFile; fileRef = 196A3F54283CC36A009D256A /* CircleImage.swift */; };
		199095F2283FD42E00704315 /* MapView.swift in Sources */ = {isa = PBXBuildFile; fileRef = 196A3F56283CC441009D256A /* MapView.swift */; };
		199095F3283FD42E00704315 /* Landmark.swift in Sources */ = {isa = PBXBuildFile; fileRef = 196A3F5A283CCB6A009D256A /* Landmark.swift */; };
		199095F4283FD42E00704315 /* LandmarksApp.swift in Sources */ = {isa = PBXBuildFile; fileRef = 196A3F46283CBEE8009D256A /* LandmarksApp.swift */; };
		199095F5283FD42E00704315 /* Hike.swift in Sources */ = {isa = PBXBuildFile; fileRef = 19EAFC59283E410500135E4F /* Hike.swift */; };
		199095F6283FD42E00704315 /* landmarkData.json in Resources */ = {isa = PBXBuildFile; fileRef = 196A3F58283CCB46009D256A /* landmarkData.json */; };
		199095F7283FD42E00704315 /* LandmarkList.swift in Sources */ = {isa = PBXBuildFile; fileRef = 196A3F65283CD4B7009D256A /* LandmarkList.swift */; };
		199095F8283FD42E00704315 /* LandmarkRow.swift in Sources */ = {isa = PBXBuildFile; fileRef = 196A3F63283CD04E009D256A /* LandmarkRow.swift */; };
		199095F9283FD42E00704315 /* hikeData.json in Resources */ = {isa = PBXBuildFile; fileRef = 19EAFC57283E40E600135E4F /* hikeData.json */; };
		199095FB283FD4CF00704315 /* LandmarkDetail.swift in Sources */ = {isa = PBXBuildFile; fileRef = 199095FA283FD4CF00704315 /* LandmarkDetail.swift */; };
		19EAFC58283E40E600135E4F /* hikeData.json in Resources */ = {isa = PBXBuildFile; fileRef = 19EAFC57283E40E600135E4F /* hikeData.json */; };
		19EAFC5A283E410500135E4F /* Hike.swift in Sources */ = {isa = PBXBuildFile; fileRef = 19EAFC59283E410500135E4F /* Hike.swift */; };
		19EAFC60283E42C500135E4F /* GraphCapsule.swift in Sources */ = {isa = PBXBuildFile; fileRef = 19EAFC5C283E42C500135E4F /* GraphCapsule.swift */; };
		19EAFC61283E42C500135E4F /* HikeGraph.swift in Sources */ = {isa = PBXBuildFile; fileRef = 19EAFC5D283E42C500135E4F /* HikeGraph.swift */; };
		19EAFC62283E42C500135E4F /* HikeDetail.swift in Sources */ = {isa = PBXBuildFile; fileRef = 19EAFC5E283E42C500135E4F /* HikeDetail.swift */; };
		19EAFC63283E42C500135E4F /* HikeView.swift in Sources */ = {isa = PBXBuildFile; fileRef = 19EAFC5F283E42C500135E4F /* HikeView.swift */; };
		19EAFC66283E4EA000135E4F /* CategoryHome.swift in Sources */ = {isa = PBXBuildFile; fileRef = 19EAFC65283E4EA000135E4F /* CategoryHome.swift */; };
		19EAFC68283E50D000135E4F /* CategoryRow.swift in Sources */ = {isa = PBXBuildFile; fileRef = 19EAFC67283E50D000135E4F /* CategoryRow.swift */; };
		19EAFC6A283E525200135E4F /* CategoryItem.swift in Sources */ = {isa = PBXBuildFile; fileRef = 19EAFC69283E525200135E4F /* CategoryItem.swift */; };
		19EAFC6C283E652A00135E4F /* Profile.swift in Sources */ = {isa = PBXBuildFile; fileRef = 19EAFC6B283E652A00135E4F /* Profile.swift */; };
		19EAFC6F283E66D000135E4F /* ProfileHost.swift in Sources */ = {isa = PBXBuildFile; fileRef = 19EAFC6E283E66D000135E4F /* ProfileHost.swift */; };
		19EAFC71283E670D00135E4F /* ProfileSummary.swift in Sources */ = {isa = PBXBuildFile; fileRef = 19EAFC70283E670D00135E4F /* ProfileSummary.swift */; };
		19EAFC73283E689500135E4F /* HikeBadge.swift in Sources */ = {isa = PBXBuildFile; fileRef = 19EAFC72283E689500135E4F /* HikeBadge.swift */; };
		19EAFC75283E6F1600135E4F /* ProfileEditor.swift in Sources */ = {isa = PBXBuildFile; fileRef = 19EAFC74283E6F1600135E4F /* ProfileEditor.swift */; };
		28D08B4A28434B3C00B607AF /* ContentView.swift in Sources */ = {isa = PBXBuildFile; fileRef = 28D08B4928434B3C00B607AF /* ContentView.swift */; };
		28D08B4C28434B3E00B607AF /* Assets.xcassets in Resources */ = {isa = PBXBuildFile; fileRef = 28D08B4B28434B3E00B607AF /* Assets.xcassets */; };
		28D08B4F28434B3E00B607AF /* Preview Assets.xcassets in Resources */ = {isa = PBXBuildFile; fileRef = 28D08B4E28434B3E00B607AF /* Preview Assets.xcassets */; };
		28D08B5428434C1D00B607AF /* LandmarksApp.swift in Sources */ = {isa = PBXBuildFile; fileRef = 196A3F46283CBEE8009D256A /* LandmarksApp.swift */; };
		28D08B5528434CA700B607AF /* Landmark.swift in Sources */ = {isa = PBXBuildFile; fileRef = 196A3F5A283CCB6A009D256A /* Landmark.swift */; };
		28D08B5628434CA700B607AF /* Profile.swift in Sources */ = {isa = PBXBuildFile; fileRef = 19EAFC6B283E652A00135E4F /* Profile.swift */; };
		28D08B5728434CA700B607AF /* Hike.swift in Sources */ = {isa = PBXBuildFile; fileRef = 19EAFC59283E410500135E4F /* Hike.swift */; };
		28D08B5828434CA800B607AF /* ModelData.swift in Sources */ = {isa = PBXBuildFile; fileRef = 196A3F5C283CCE05009D256A /* ModelData.swift */; };
		28D08B5928434CE700B607AF /* LandmarkList.swift in Sources */ = {isa = PBXBuildFile; fileRef = 196A3F65283CD4B7009D256A /* LandmarkList.swift */; };
		28D08B5A28434CEB00B607AF /* LandmarkRow.swift in Sources */ = {isa = PBXBuildFile; fileRef = 196A3F63283CD04E009D256A /* LandmarkRow.swift */; };
		28D08B5C28434CFC00B607AF /* CircleImage.swift in Sources */ = {isa = PBXBuildFile; fileRef = 196A3F54283CC36A009D256A /* CircleImage.swift */; };
		28D08B5D28434CFE00B607AF /* MapView.swift in Sources */ = {isa = PBXBuildFile; fileRef = 196A3F56283CC441009D256A /* MapView.swift */; };
		28D08B5E28434D0600B607AF /* FavoriteButton.swift in Sources */ = {isa = PBXBuildFile; fileRef = 197CC966283D397C00D979AF /* FavoriteButton.swift */; };
		28D08B5F28434D1000B607AF /* Assets.xcassets in Resources */ = {isa = PBXBuildFile; fileRef = 196A3F4A283CBEE9009D256A /* Assets.xcassets */; };
		28D08B6028434D1000B607AF /* landmarkData.json in Resources */ = {isa = PBXBuildFile; fileRef = 196A3F58283CCB46009D256A /* landmarkData.json */; };
		28D08B6128434D1000B607AF /* hikeData.json in Resources */ = {isa = PBXBuildFile; fileRef = 19EAFC57283E40E600135E4F /* hikeData.json */; };
		28D08B6328434DB200B607AF /* LandmarkDetail.swift in Sources */ = {isa = PBXBuildFile; fileRef = 28D08B6228434DB200B607AF /* LandmarkDetail.swift */; };
/* End PBXBuildFile section */

/* Begin PBXContainerItemProxy section */
		199095CF283FD19100704315 /* PBXContainerItemProxy */ = {
			isa = PBXContainerItemProxy;
			containerPortal = 196A3F3B283CBEE8009D256A /* Project object */;
			proxyType = 1;
			remoteGlobalIDString = 199095CC283FD19100704315;
			remoteInfo = "WatchLandmarks WatchKit Extension";
		};
		199095E3283FD19200704315 /* PBXContainerItemProxy */ = {
			isa = PBXContainerItemProxy;
			containerPortal = 196A3F3B283CBEE8009D256A /* Project object */;
			proxyType = 1;
			remoteGlobalIDString = 199095C4283FD19100704315;
			remoteInfo = WatchLandmarks;
		};
/* End PBXContainerItemProxy section */

/* Begin PBXCopyFilesBuildPhase section */
		199095E6283FD19200704315 /* Embed Watch Content */ = {
			isa = PBXCopyFilesBuildPhase;
			buildActionMask = 8;
			dstPath = "$(CONTENTS_FOLDER_PATH)/Watch";
			dstSubfolderSpec = 16;
			files = (
				199095E5283FD19200704315 /* WatchLandmarks.app in Embed Watch Content */,
			);
			name = "Embed Watch Content";
			runOnlyForDeploymentPostprocessing = 1;
		};
		199095E9283FD19200704315 /* Embed App Extensions */ = {
			isa = PBXCopyFilesBuildPhase;
			buildActionMask = 2147483647;
			dstPath = "";
			dstSubfolderSpec = 13;
			files = (
				199095CE283FD19100704315 /* WatchLandmarks WatchKit Extension.appex in Embed App Extensions */,
			);
			name = "Embed App Extensions";
			runOnlyForDeploymentPostprocessing = 0;
		};
/* End PBXCopyFilesBuildPhase section */

/* Begin PBXFileReference section */
		192F3450283DAECD0097F2EF /* HexagonParameters.swift */ = {isa = PBXFileReference; lastKnownFileType = sourcecode.swift; path = HexagonParameters.swift; sourceTree = "<group>"; };
		192F3452283DB2040097F2EF /* BadgeBackground.swift */ = {isa = PBXFileReference; lastKnownFileType = sourcecode.swift; path = BadgeBackground.swift; sourceTree = "<group>"; };
		192F3454283DBEB50097F2EF /* BadgeSymbol.swift */ = {isa = PBXFileReference; lastKnownFileType = sourcecode.swift; path = BadgeSymbol.swift; sourceTree = "<group>"; };
		192F3456283DC16C0097F2EF /* RotatedBadgeSymbol.swift */ = {isa = PBXFileReference; lastKnownFileType = sourcecode.swift; path = RotatedBadgeSymbol.swift; sourceTree = "<group>"; };
		192F3458283DC1CF0097F2EF /* Badge.swift */ = {isa = PBXFileReference; lastKnownFileType = sourcecode.swift; path = Badge.swift; sourceTree = "<group>"; };
		196A3F43283CBEE8009D256A /* Landmarks.app */ = {isa = PBXFileReference; explicitFileType = wrapper.application; includeInIndex = 0; path = Landmarks.app; sourceTree = BUILT_PRODUCTS_DIR; };
		196A3F46283CBEE8009D256A /* LandmarksApp.swift */ = {isa = PBXFileReference; lastKnownFileType = sourcecode.swift; path = LandmarksApp.swift; sourceTree = "<group>"; };
		196A3F48283CBEE8009D256A /* ContentView.swift */ = {isa = PBXFileReference; lastKnownFileType = sourcecode.swift; path = ContentView.swift; sourceTree = "<group>"; };
		196A3F4A283CBEE9009D256A /* Assets.xcassets */ = {isa = PBXFileReference; lastKnownFileType = folder.assetcatalog; path = Assets.xcassets; sourceTree = "<group>"; };
		196A3F4D283CBEE9009D256A /* Preview Assets.xcassets */ = {isa = PBXFileReference; lastKnownFileType = folder.assetcatalog; path = "Preview Assets.xcassets"; sourceTree = "<group>"; };
		196A3F54283CC36A009D256A /* CircleImage.swift */ = {isa = PBXFileReference; lastKnownFileType = sourcecode.swift; path = CircleImage.swift; sourceTree = "<group>"; };
		196A3F56283CC441009D256A /* MapView.swift */ = {isa = PBXFileReference; lastKnownFileType = sourcecode.swift; path = MapView.swift; sourceTree = "<group>"; };
		196A3F58283CCB46009D256A /* landmarkData.json */ = {isa = PBXFileReference; fileEncoding = 4; lastKnownFileType = text.json; path = landmarkData.json; sourceTree = "<group>"; };
		196A3F5A283CCB6A009D256A /* Landmark.swift */ = {isa = PBXFileReference; lastKnownFileType = sourcecode.swift; path = Landmark.swift; sourceTree = "<group>"; };
		196A3F5C283CCE05009D256A /* ModelData.swift */ = {isa = PBXFileReference; lastKnownFileType = sourcecode.swift; path = ModelData.swift; sourceTree = "<group>"; };
		196A3F63283CD04E009D256A /* LandmarkRow.swift */ = {isa = PBXFileReference; lastKnownFileType = sourcecode.swift; path = LandmarkRow.swift; sourceTree = "<group>"; };
		196A3F65283CD4B7009D256A /* LandmarkList.swift */ = {isa = PBXFileReference; lastKnownFileType = sourcecode.swift; path = LandmarkList.swift; sourceTree = "<group>"; };
		196A3F67283CE8B3009D256A /* LandmarkDetail.swift */ = {isa = PBXFileReference; lastKnownFileType = sourcecode.swift; path = LandmarkDetail.swift; sourceTree = "<group>"; };
		197CC966283D397C00D979AF /* FavoriteButton.swift */ = {isa = PBXFileReference; lastKnownFileType = sourcecode.swift; path = FavoriteButton.swift; sourceTree = "<group>"; };
		199095BA283F129100704315 /* PageViewController.swift */ = {isa = PBXFileReference; lastKnownFileType = sourcecode.swift; path = PageViewController.swift; sourceTree = "<group>"; };
		199095BC283F20C000704315 /* FeatureCard.swift */ = {isa = PBXFileReference; lastKnownFileType = sourcecode.swift; path = FeatureCard.swift; sourceTree = "<group>"; };
		199095BE283F22C600704315 /* PageView.swift */ = {isa = PBXFileReference; lastKnownFileType = sourcecode.swift; path = PageView.swift; sourceTree = "<group>"; };
		199095C1283F324C00704315 /* PageControl.swift */ = {isa = PBXFileReference; lastKnownFileType = sourcecode.swift; path = PageControl.swift; sourceTree = "<group>"; };
		199095C5283FD19100704315 /* WatchLandmarks.app */ = {isa = PBXFileReference; explicitFileType = wrapper.application; includeInIndex = 0; path = WatchLandmarks.app; sourceTree = BUILT_PRODUCTS_DIR; };
		199095C7283FD19100704315 /* Assets.xcassets */ = {isa = PBXFileReference; lastKnownFileType = folder.assetcatalog; path = Assets.xcassets; sourceTree = "<group>"; };
		199095CD283FD19100704315 /* WatchLandmarks WatchKit Extension.appex */ = {isa = PBXFileReference; explicitFileType = "wrapper.app-extension"; includeInIndex = 0; path = "WatchLandmarks WatchKit Extension.appex"; sourceTree = BUILT_PRODUCTS_DIR; };
		199095D4283FD19100704315 /* ContentView.swift */ = {isa = PBXFileReference; lastKnownFileType = sourcecode.swift; path = ContentView.swift; sourceTree = "<group>"; };
		199095D6283FD19100704315 /* NotificationController.swift */ = {isa = PBXFileReference; lastKnownFileType = sourcecode.swift; path = NotificationController.swift; sourceTree = "<group>"; };
		199095D8283FD19100704315 /* NotificationView.swift */ = {isa = PBXFileReference; lastKnownFileType = sourcecode.swift; path = NotificationView.swift; sourceTree = "<group>"; };
		199095DA283FD19100704315 /* ComplicationController.swift */ = {isa = PBXFileReference; lastKnownFileType = sourcecode.swift; path = ComplicationController.swift; sourceTree = "<group>"; };
		199095DC283FD19200704315 /* Assets.xcassets */ = {isa = PBXFileReference; lastKnownFileType = folder.assetcatalog; path = Assets.xcassets; sourceTree = "<group>"; };
		199095DF283FD19200704315 /* Preview Assets.xcassets */ = {isa = PBXFileReference; lastKnownFileType = folder.assetcatalog; path = "Preview Assets.xcassets"; sourceTree = "<group>"; };
		199095E1283FD19200704315 /* Info.plist */ = {isa = PBXFileReference; lastKnownFileType = text.plist.xml; path = Info.plist; sourceTree = "<group>"; };
		199095E2283FD19200704315 /* PushNotificationPayload.apns */ = {isa = PBXFileReference; lastKnownFileType = text; path = PushNotificationPayload.apns; sourceTree = "<group>"; };
		199095FA283FD4CF00704315 /* LandmarkDetail.swift */ = {isa = PBXFileReference; lastKnownFileType = sourcecode.swift; path = LandmarkDetail.swift; sourceTree = "<group>"; };
		19EAFC57283E40E600135E4F /* hikeData.json */ = {isa = PBXFileReference; fileEncoding = 4; lastKnownFileType = text.json; path = hikeData.json; sourceTree = "<group>"; };
		19EAFC59283E410500135E4F /* Hike.swift */ = {isa = PBXFileReference; lastKnownFileType = sourcecode.swift; path = Hike.swift; sourceTree = "<group>"; };
		19EAFC5C283E42C500135E4F /* GraphCapsule.swift */ = {isa = PBXFileReference; fileEncoding = 4; lastKnownFileType = sourcecode.swift; path = GraphCapsule.swift; sourceTree = "<group>"; };
		19EAFC5D283E42C500135E4F /* HikeGraph.swift */ = {isa = PBXFileReference; fileEncoding = 4; lastKnownFileType = sourcecode.swift; path = HikeGraph.swift; sourceTree = "<group>"; };
		19EAFC5E283E42C500135E4F /* HikeDetail.swift */ = {isa = PBXFileReference; fileEncoding = 4; lastKnownFileType = sourcecode.swift; path = HikeDetail.swift; sourceTree = "<group>"; };
		19EAFC5F283E42C500135E4F /* HikeView.swift */ = {isa = PBXFileReference; fileEncoding = 4; lastKnownFileType = sourcecode.swift; path = HikeView.swift; sourceTree = "<group>"; };
		19EAFC65283E4EA000135E4F /* CategoryHome.swift */ = {isa = PBXFileReference; lastKnownFileType = sourcecode.swift; path = CategoryHome.swift; sourceTree = "<group>"; };
		19EAFC67283E50D000135E4F /* CategoryRow.swift */ = {isa = PBXFileReference; lastKnownFileType = sourcecode.swift; path = CategoryRow.swift; sourceTree = "<group>"; };
		19EAFC69283E525200135E4F /* CategoryItem.swift */ = {isa = PBXFileReference; lastKnownFileType = sourcecode.swift; path = CategoryItem.swift; sourceTree = "<group>"; };
		19EAFC6B283E652A00135E4F /* Profile.swift */ = {isa = PBXFileReference; lastKnownFileType = sourcecode.swift; path = Profile.swift; sourceTree = "<group>"; };
		19EAFC6E283E66D000135E4F /* ProfileHost.swift */ = {isa = PBXFileReference; lastKnownFileType = sourcecode.swift; path = ProfileHost.swift; sourceTree = "<group>"; };
		19EAFC70283E670D00135E4F /* ProfileSummary.swift */ = {isa = PBXFileReference; lastKnownFileType = sourcecode.swift; path = ProfileSummary.swift; sourceTree = "<group>"; };
		19EAFC72283E689500135E4F /* HikeBadge.swift */ = {isa = PBXFileReference; lastKnownFileType = sourcecode.swift; path = HikeBadge.swift; sourceTree = "<group>"; };
		19EAFC74283E6F1600135E4F /* ProfileEditor.swift */ = {isa = PBXFileReference; lastKnownFileType = sourcecode.swift; path = ProfileEditor.swift; sourceTree = "<group>"; };
		28D08B4528434B3C00B607AF /* MacLandmarks.app */ = {isa = PBXFileReference; explicitFileType = wrapper.application; includeInIndex = 0; path = MacLandmarks.app; sourceTree = BUILT_PRODUCTS_DIR; };
		28D08B4928434B3C00B607AF /* ContentView.swift */ = {isa = PBXFileReference; lastKnownFileType = sourcecode.swift; path = ContentView.swift; sourceTree = "<group>"; };
		28D08B4B28434B3E00B607AF /* Assets.xcassets */ = {isa = PBXFileReference; lastKnownFileType = folder.assetcatalog; path = Assets.xcassets; sourceTree = "<group>"; };
		28D08B4E28434B3E00B607AF /* Preview Assets.xcassets */ = {isa = PBXFileReference; lastKnownFileType = folder.assetcatalog; path = "Preview Assets.xcassets"; sourceTree = "<group>"; };
		28D08B5028434B3E00B607AF /* MacLandmarks.entitlements */ = {isa = PBXFileReference; lastKnownFileType = text.plist.entitlements; path = MacLandmarks.entitlements; sourceTree = "<group>"; };
		28D08B6228434DB200B607AF /* LandmarkDetail.swift */ = {isa = PBXFileReference; lastKnownFileType = sourcecode.swift; path = LandmarkDetail.swift; sourceTree = "<group>"; };
/* End PBXFileReference section */

/* Begin PBXFrameworksBuildPhase section */
		196A3F40283CBEE8009D256A /* Frameworks */ = {
			isa = PBXFrameworksBuildPhase;
			buildActionMask = 2147483647;
			files = (
			);
			runOnlyForDeploymentPostprocessing = 0;
		};
		199095CA283FD19100704315 /* Frameworks */ = {
			isa = PBXFrameworksBuildPhase;
			buildActionMask = 2147483647;
			files = (
			);
			runOnlyForDeploymentPostprocessing = 0;
		};
		28D08B4228434B3C00B607AF /* Frameworks */ = {
			isa = PBXFrameworksBuildPhase;
			buildActionMask = 2147483647;
			files = (
			);
			runOnlyForDeploymentPostprocessing = 0;
		};
/* End PBXFrameworksBuildPhase section */

/* Begin PBXGroup section */
		192F345A283DC3230097F2EF /* Badges */ = {
			isa = PBXGroup;
			children = (
				192F3458283DC1CF0097F2EF /* Badge.swift */,
				192F3454283DBEB50097F2EF /* BadgeSymbol.swift */,
				192F3456283DC16C0097F2EF /* RotatedBadgeSymbol.swift */,
				192F3452283DB2040097F2EF /* BadgeBackground.swift */,
				192F3450283DAECD0097F2EF /* HexagonParameters.swift */,
			);
			path = Badges;
			sourceTree = "<group>";
		};
		196A3F3A283CBEE8009D256A = {
			isa = PBXGroup;
			children = (
				196A3F45283CBEE8009D256A /* Landmarks */,
				199095C6283FD19100704315 /* WatchLandmarks */,
				199095D1283FD19100704315 /* WatchLandmarks WatchKit Extension */,
				28D08B4628434B3C00B607AF /* MacLandmarks */,
				196A3F44283CBEE8009D256A /* Products */,
			);
			sourceTree = "<group>";
		};
		196A3F44283CBEE8009D256A /* Products */ = {
			isa = PBXGroup;
			children = (
				196A3F43283CBEE8009D256A /* Landmarks.app */,
				199095C5283FD19100704315 /* WatchLandmarks.app */,
				199095CD283FD19100704315 /* WatchLandmarks WatchKit Extension.appex */,
				28D08B4528434B3C00B607AF /* MacLandmarks.app */,
			);
			name = Products;
			sourceTree = "<group>";
		};
		196A3F45283CBEE8009D256A /* Landmarks */ = {
			isa = PBXGroup;
			children = (
				196A3F46283CBEE8009D256A /* LandmarksApp.swift */,
				196A3F60283CCFE7009D256A /* Views */,
				196A3F62283CD00A009D256A /* Model */,
				196A3F61283CCFF4009D256A /* Resources */,
				196A3F4A283CBEE9009D256A /* Assets.xcassets */,
				196A3F4C283CBEE9009D256A /* Preview Content */,
			);
			path = Landmarks;
			sourceTree = "<group>";
		};
		196A3F4C283CBEE9009D256A /* Preview Content */ = {
			isa = PBXGroup;
			children = (
				196A3F4D283CBEE9009D256A /* Preview Assets.xcassets */,
			);
			path = "Preview Content";
			sourceTree = "<group>";
		};
		196A3F60283CCFE7009D256A /* Views */ = {
			isa = PBXGroup;
			children = (
				196A3F48283CBEE8009D256A /* ContentView.swift */,
				199095C0283F243300704315 /* Pages */,
				19EAFC6D283E66AD00135E4F /* Profiles */,
				19EAFC64283E4E7D00135E4F /* Categoris */,
				192F345A283DC3230097F2EF /* Badges */,
				197CC968283D3A7300D979AF /* Landmarks */,
				19EAFC5B283E42C500135E4F /* Hikes */,
				197CC969283D3A9000D979AF /* Helpers */,
			);
			path = Views;
			sourceTree = "<group>";
		};
		196A3F61283CCFF4009D256A /* Resources */ = {
			isa = PBXGroup;
			children = (
				196A3F58283CCB46009D256A /* landmarkData.json */,
				19EAFC57283E40E600135E4F /* hikeData.json */,
			);
			path = Resources;
			sourceTree = "<group>";
		};
		196A3F62283CD00A009D256A /* Model */ = {
			isa = PBXGroup;
			children = (
				196A3F5A283CCB6A009D256A /* Landmark.swift */,
				19EAFC59283E410500135E4F /* Hike.swift */,
				196A3F5C283CCE05009D256A /* ModelData.swift */,
				19EAFC6B283E652A00135E4F /* Profile.swift */,
			);
			path = Model;
			sourceTree = "<group>";
		};
		197CC968283D3A7300D979AF /* Landmarks */ = {
			isa = PBXGroup;
			children = (
				196A3F65283CD4B7009D256A /* LandmarkList.swift */,
				196A3F67283CE8B3009D256A /* LandmarkDetail.swift */,
				196A3F63283CD04E009D256A /* LandmarkRow.swift */,
			);
			path = Landmarks;
			sourceTree = "<group>";
		};
		197CC969283D3A9000D979AF /* Helpers */ = {
			isa = PBXGroup;
			children = (
				196A3F54283CC36A009D256A /* CircleImage.swift */,
				196A3F56283CC441009D256A /* MapView.swift */,
				197CC966283D397C00D979AF /* FavoriteButton.swift */,
			);
			path = Helpers;
			sourceTree = "<group>";
		};
		199095C0283F243300704315 /* Pages */ = {
			isa = PBXGroup;
			children = (
				199095BE283F22C600704315 /* PageView.swift */,
				199095BA283F129100704315 /* PageViewController.swift */,
				199095C1283F324C00704315 /* PageControl.swift */,
			);
			path = Pages;
			sourceTree = "<group>";
		};
		199095C6283FD19100704315 /* WatchLandmarks */ = {
			isa = PBXGroup;
			children = (
				199095C7283FD19100704315 /* Assets.xcassets */,
			);
			path = WatchLandmarks;
			sourceTree = "<group>";
		};
		199095D1283FD19100704315 /* WatchLandmarks WatchKit Extension */ = {
			isa = PBXGroup;
			children = (
				199095D4283FD19100704315 /* ContentView.swift */,
				199095D6283FD19100704315 /* NotificationController.swift */,
				199095D8283FD19100704315 /* NotificationView.swift */,
				199095DA283FD19100704315 /* ComplicationController.swift */,
				199095FA283FD4CF00704315 /* LandmarkDetail.swift */,
				199095DC283FD19200704315 /* Assets.xcassets */,
				199095E1283FD19200704315 /* Info.plist */,
				199095E2283FD19200704315 /* PushNotificationPayload.apns */,
				199095DE283FD19200704315 /* Preview Content */,
			);
			path = "WatchLandmarks WatchKit Extension";
			sourceTree = "<group>";
		};
		199095DE283FD19200704315 /* Preview Content */ = {
			isa = PBXGroup;
			children = (
				199095DF283FD19200704315 /* Preview Assets.xcassets */,
			);
			path = "Preview Content";
			sourceTree = "<group>";
		};
		19EAFC5B283E42C500135E4F /* Hikes */ = {
			isa = PBXGroup;
			children = (
				19EAFC5F283E42C500135E4F /* HikeView.swift */,
				19EAFC5E283E42C500135E4F /* HikeDetail.swift */,
				19EAFC5D283E42C500135E4F /* HikeGraph.swift */,
				19EAFC5C283E42C500135E4F /* GraphCapsule.swift */,
				19EAFC72283E689500135E4F /* HikeBadge.swift */,
			);
			path = Hikes;
			sourceTree = "<group>";
		};
		19EAFC64283E4E7D00135E4F /* Categoris */ = {
			isa = PBXGroup;
			children = (
				19EAFC65283E4EA000135E4F /* CategoryHome.swift */,
				19EAFC67283E50D000135E4F /* CategoryRow.swift */,
				19EAFC69283E525200135E4F /* CategoryItem.swift */,
				199095BC283F20C000704315 /* FeatureCard.swift */,
			);
			path = Categoris;
			sourceTree = "<group>";
		};
		19EAFC6D283E66AD00135E4F /* Profiles */ = {
			isa = PBXGroup;
			children = (
				19EAFC6E283E66D000135E4F /* ProfileHost.swift */,
				19EAFC70283E670D00135E4F /* ProfileSummary.swift */,
				19EAFC74283E6F1600135E4F /* ProfileEditor.swift */,
			);
			path = Profiles;
			sourceTree = "<group>";
		};
		28D08B4628434B3C00B607AF /* MacLandmarks */ = {
			isa = PBXGroup;
			children = (
				28D08B4928434B3C00B607AF /* ContentView.swift */,
				28D08B6228434DB200B607AF /* LandmarkDetail.swift */,
				28D08B4B28434B3E00B607AF /* Assets.xcassets */,
				28D08B5028434B3E00B607AF /* MacLandmarks.entitlements */,
				28D08B4D28434B3E00B607AF /* Preview Content */,
			);
			path = MacLandmarks;
			sourceTree = "<group>";
		};
		28D08B4D28434B3E00B607AF /* Preview Content */ = {
			isa = PBXGroup;
			children = (
				28D08B4E28434B3E00B607AF /* Preview Assets.xcassets */,
			);
			path = "Preview Content";
			sourceTree = "<group>";
		};
/* End PBXGroup section */

/* Begin PBXNativeTarget section */
		196A3F42283CBEE8009D256A /* Landmarks */ = {
			isa = PBXNativeTarget;
			buildConfigurationList = 196A3F51283CBEE9009D256A /* Build configuration list for PBXNativeTarget "Landmarks" */;
			buildPhases = (
				196A3F3F283CBEE8009D256A /* Sources */,
				196A3F40283CBEE8009D256A /* Frameworks */,
				196A3F41283CBEE8009D256A /* Resources */,
				199095E6283FD19200704315 /* Embed Watch Content */,
			);
			buildRules = (
			);
			dependencies = (
				199095E4283FD19200704315 /* PBXTargetDependency */,
			);
			name = Landmarks;
			productName = Landmarks;
			productReference = 196A3F43283CBEE8009D256A /* Landmarks.app */;
			productType = "com.apple.product-type.application";
		};
		199095C4283FD19100704315 /* WatchLandmarks */ = {
			isa = PBXNativeTarget;
			buildConfigurationList = 199095ED283FD19200704315 /* Build configuration list for PBXNativeTarget "WatchLandmarks" */;
			buildPhases = (
				199095C3283FD19100704315 /* Resources */,
				199095E9283FD19200704315 /* Embed App Extensions */,
			);
			buildRules = (
			);
			dependencies = (
				199095D0283FD19100704315 /* PBXTargetDependency */,
			);
			name = WatchLandmarks;
			productName = WatchLandmarks;
			productReference = 199095C5283FD19100704315 /* WatchLandmarks.app */;
			productType = "com.apple.product-type.application.watchapp2";
		};
		199095CC283FD19100704315 /* WatchLandmarks WatchKit Extension */ = {
			isa = PBXNativeTarget;
			buildConfigurationList = 199095EC283FD19200704315 /* Build configuration list for PBXNativeTarget "WatchLandmarks WatchKit Extension" */;
			buildPhases = (
				199095C9283FD19100704315 /* Sources */,
				199095CA283FD19100704315 /* Frameworks */,
				199095CB283FD19100704315 /* Resources */,
			);
			buildRules = (
			);
			dependencies = (
			);
			name = "WatchLandmarks WatchKit Extension";
			productName = "WatchLandmarks WatchKit Extension";
			productReference = 199095CD283FD19100704315 /* WatchLandmarks WatchKit Extension.appex */;
			productType = "com.apple.product-type.watchkit2-extension";
		};
		28D08B4428434B3C00B607AF /* MacLandmarks */ = {
			isa = PBXNativeTarget;
			buildConfigurationList = 28D08B5328434B3E00B607AF /* Build configuration list for PBXNativeTarget "MacLandmarks" */;
			buildPhases = (
				28D08B4128434B3C00B607AF /* Sources */,
				28D08B4228434B3C00B607AF /* Frameworks */,
				28D08B4328434B3C00B607AF /* Resources */,
			);
			buildRules = (
			);
			dependencies = (
			);
			name = MacLandmarks;
			productName = MacLandmarks;
			productReference = 28D08B4528434B3C00B607AF /* MacLandmarks.app */;
			productType = "com.apple.product-type.application";
		};
/* End PBXNativeTarget section */

/* Begin PBXProject section */
		196A3F3B283CBEE8009D256A /* Project object */ = {
			isa = PBXProject;
			attributes = {
				BuildIndependentTargetsInParallel = 1;
				LastSwiftUpdateCheck = 1340;
				LastUpgradeCheck = 1340;
				TargetAttributes = {
					196A3F42283CBEE8009D256A = {
						CreatedOnToolsVersion = 13.4;
					};
					199095C4283FD19100704315 = {
						CreatedOnToolsVersion = 13.4;
					};
					199095CC283FD19100704315 = {
						CreatedOnToolsVersion = 13.4;
					};
					28D08B4428434B3C00B607AF = {
						CreatedOnToolsVersion = 13.4;
					};
				};
			};
			buildConfigurationList = 196A3F3E283CBEE8009D256A /* Build configuration list for PBXProject "Landmarks" */;
			compatibilityVersion = "Xcode 13.0";
			developmentRegion = en;
			hasScannedForEncodings = 0;
			knownRegions = (
				en,
				Base,
			);
			mainGroup = 196A3F3A283CBEE8009D256A;
			productRefGroup = 196A3F44283CBEE8009D256A /* Products */;
			projectDirPath = "";
			projectRoot = "";
			targets = (
				196A3F42283CBEE8009D256A /* Landmarks */,
				199095C4283FD19100704315 /* WatchLandmarks */,
				199095CC283FD19100704315 /* WatchLandmarks WatchKit Extension */,
				28D08B4428434B3C00B607AF /* MacLandmarks */,
			);
		};
/* End PBXProject section */

/* Begin PBXResourcesBuildPhase section */
		196A3F41283CBEE8009D256A /* Resources */ = {
			isa = PBXResourcesBuildPhase;
			buildActionMask = 2147483647;
			files = (
				19EAFC58283E40E600135E4F /* hikeData.json in Resources */,
				196A3F4E283CBEE9009D256A /* Preview Assets.xcassets in Resources */,
				196A3F4B283CBEE9009D256A /* Assets.xcassets in Resources */,
				196A3F59283CCB46009D256A /* landmarkData.json in Resources */,
			);
			runOnlyForDeploymentPostprocessing = 0;
		};
		199095C3283FD19100704315 /* Resources */ = {
			isa = PBXResourcesBuildPhase;
			buildActionMask = 2147483647;
			files = (
				199095C8283FD19100704315 /* Assets.xcassets in Resources */,
			);
			runOnlyForDeploymentPostprocessing = 0;
		};
		199095CB283FD19100704315 /* Resources */ = {
			isa = PBXResourcesBuildPhase;
			buildActionMask = 2147483647;
			files = (
				199095E0283FD19200704315 /* Preview Assets.xcassets in Resources */,
				199095F6283FD42E00704315 /* landmarkData.json in Resources */,
				199095EE283FD42E00704315 /* Assets.xcassets in Resources */,
				199095DD283FD19200704315 /* Assets.xcassets in Resources */,
				199095F9283FD42E00704315 /* hikeData.json in Resources */,
			);
			runOnlyForDeploymentPostprocessing = 0;
		};
		28D08B4328434B3C00B607AF /* Resources */ = {
			isa = PBXResourcesBuildPhase;
			buildActionMask = 2147483647;
			files = (
				28D08B4F28434B3E00B607AF /* Preview Assets.xcassets in Resources */,
				28D08B6028434D1000B607AF /* landmarkData.json in Resources */,
				28D08B5F28434D1000B607AF /* Assets.xcassets in Resources */,
				28D08B4C28434B3E00B607AF /* Assets.xcassets in Resources */,
				28D08B6128434D1000B607AF /* hikeData.json in Resources */,
			);
			runOnlyForDeploymentPostprocessing = 0;
		};
/* End PBXResourcesBuildPhase section */

/* Begin PBXSourcesBuildPhase section */
		196A3F3F283CBEE8009D256A /* Sources */ = {
			isa = PBXSourcesBuildPhase;
			buildActionMask = 2147483647;
			files = (
				19EAFC68283E50D000135E4F /* CategoryRow.swift in Sources */,
				19EAFC6C283E652A00135E4F /* Profile.swift in Sources */,
				196A3F49283CBEE8009D256A /* ContentView.swift in Sources */,
				19EAFC66283E4EA000135E4F /* CategoryHome.swift in Sources */,
				199095BD283F20C000704315 /* FeatureCard.swift in Sources */,
				19EAFC61283E42C500135E4F /* HikeGraph.swift in Sources */,
				192F3459283DC1CF0097F2EF /* Badge.swift in Sources */,
				196A3F57283CC441009D256A /* MapView.swift in Sources */,
				19EAFC60283E42C500135E4F /* GraphCapsule.swift in Sources */,
				196A3F47283CBEE8009D256A /* LandmarksApp.swift in Sources */,
				199095C2283F324C00704315 /* PageControl.swift in Sources */,
				197CC967283D397C00D979AF /* FavoriteButton.swift in Sources */,
				19EAFC6A283E525200135E4F /* CategoryItem.swift in Sources */,
				19EAFC62283E42C500135E4F /* HikeDetail.swift in Sources */,
				19EAFC71283E670D00135E4F /* ProfileSummary.swift in Sources */,
				192F3451283DAECD0097F2EF /* HexagonParameters.swift in Sources */,
				19EAFC6F283E66D000135E4F /* ProfileHost.swift in Sources */,
				19EAFC5A283E410500135E4F /* Hike.swift in Sources */,
				192F3457283DC16C0097F2EF /* RotatedBadgeSymbol.swift in Sources */,
				199095BF283F22C600704315 /* PageView.swift in Sources */,
				192F3455283DBEB50097F2EF /* BadgeSymbol.swift in Sources */,
				19EAFC75283E6F1600135E4F /* ProfileEditor.swift in Sources */,
				196A3F66283CD4B7009D256A /* LandmarkList.swift in Sources */,
				19EAFC63283E42C500135E4F /* HikeView.swift in Sources */,
				196A3F68283CE8B3009D256A /* LandmarkDetail.swift in Sources */,
				199095BB283F129100704315 /* PageViewController.swift in Sources */,
				192F3453283DB2040097F2EF /* BadgeBackground.swift in Sources */,
				19EAFC73283E689500135E4F /* HikeBadge.swift in Sources */,
				196A3F55283CC36A009D256A /* CircleImage.swift in Sources */,
				196A3F5B283CCB6A009D256A /* Landmark.swift in Sources */,
				196A3F64283CD04E009D256A /* LandmarkRow.swift in Sources */,
				196A3F5D283CCE05009D256A /* ModelData.swift in Sources */,
			);
			runOnlyForDeploymentPostprocessing = 0;
		};
		199095C9283FD19100704315 /* Sources */ = {
			isa = PBXSourcesBuildPhase;
			buildActionMask = 2147483647;
			files = (
				199095D7283FD19100704315 /* NotificationController.swift in Sources */,
				199095F8283FD42E00704315 /* LandmarkRow.swift in Sources */,
				199095F2283FD42E00704315 /* MapView.swift in Sources */,
				199095F0283FD42E00704315 /* Profile.swift in Sources */,
				199095F4283FD42E00704315 /* LandmarksApp.swift in Sources */,
				199095F5283FD42E00704315 /* Hike.swift in Sources */,
				199095FB283FD4CF00704315 /* LandmarkDetail.swift in Sources */,
				199095D5283FD19100704315 /* ContentView.swift in Sources */,
				199095F1283FD42E00704315 /* CircleImage.swift in Sources */,
				199095F7283FD42E00704315 /* LandmarkList.swift in Sources */,
				199095F3283FD42E00704315 /* Landmark.swift in Sources */,
				199095EF283FD42E00704315 /* ModelData.swift in Sources */,
				199095DB283FD19100704315 /* ComplicationController.swift in Sources */,
				199095D9283FD19100704315 /* NotificationView.swift in Sources */,
			);
			runOnlyForDeploymentPostprocessing = 0;
		};
		28D08B4128434B3C00B607AF /* Sources */ = {
			isa = PBXSourcesBuildPhase;
			buildActionMask = 2147483647;
			files = (
				28D08B5728434CA700B607AF /* Hike.swift in Sources */,
				28D08B4A28434B3C00B607AF /* ContentView.swift in Sources */,
				28D08B5628434CA700B607AF /* Profile.swift in Sources */,
				28D08B5928434CE700B607AF /* LandmarkList.swift in Sources */,
				28D08B6328434DB200B607AF /* LandmarkDetail.swift in Sources */,
				28D08B5428434C1D00B607AF /* LandmarksApp.swift in Sources */,
				28D08B5C28434CFC00B607AF /* CircleImage.swift in Sources */,
				28D08B5528434CA700B607AF /* Landmark.swift in Sources */,
				28D08B5D28434CFE00B607AF /* MapView.swift in Sources */,
				28D08B5A28434CEB00B607AF /* LandmarkRow.swift in Sources */,
				28D08B5E28434D0600B607AF /* FavoriteButton.swift in Sources */,
				28D08B5828434CA800B607AF /* ModelData.swift in Sources */,
			);
			runOnlyForDeploymentPostprocessing = 0;
		};
/* End PBXSourcesBuildPhase section */

/* Begin PBXTargetDependency section */
		199095D0283FD19100704315 /* PBXTargetDependency */ = {
			isa = PBXTargetDependency;
			target = 199095CC283FD19100704315 /* WatchLandmarks WatchKit Extension */;
			targetProxy = 199095CF283FD19100704315 /* PBXContainerItemProxy */;
		};
		199095E4283FD19200704315 /* PBXTargetDependency */ = {
			isa = PBXTargetDependency;
			target = 199095C4283FD19100704315 /* WatchLandmarks */;
			targetProxy = 199095E3283FD19200704315 /* PBXContainerItemProxy */;
		};
/* End PBXTargetDependency section */

/* Begin XCBuildConfiguration section */
		196A3F4F283CBEE9009D256A /* Debug */ = {
			isa = XCBuildConfiguration;
			buildSettings = {
				ALWAYS_SEARCH_USER_PATHS = NO;
				CLANG_ANALYZER_NONNULL = YES;
				CLANG_ANALYZER_NUMBER_OBJECT_CONVERSION = YES_AGGRESSIVE;
				CLANG_CXX_LANGUAGE_STANDARD = "gnu++17";
				CLANG_ENABLE_MODULES = YES;
				CLANG_ENABLE_OBJC_ARC = YES;
				CLANG_ENABLE_OBJC_WEAK = YES;
				CLANG_WARN_BLOCK_CAPTURE_AUTORELEASING = YES;
				CLANG_WARN_BOOL_CONVERSION = YES;
				CLANG_WARN_COMMA = YES;
				CLANG_WARN_CONSTANT_CONVERSION = YES;
				CLANG_WARN_DEPRECATED_OBJC_IMPLEMENTATIONS = YES;
				CLANG_WARN_DIRECT_OBJC_ISA_USAGE = YES_ERROR;
				CLANG_WARN_DOCUMENTATION_COMMENTS = YES;
				CLANG_WARN_EMPTY_BODY = YES;
				CLANG_WARN_ENUM_CONVERSION = YES;
				CLANG_WARN_INFINITE_RECURSION = YES;
				CLANG_WARN_INT_CONVERSION = YES;
				CLANG_WARN_NON_LITERAL_NULL_CONVERSION = YES;
				CLANG_WARN_OBJC_IMPLICIT_RETAIN_SELF = YES;
				CLANG_WARN_OBJC_LITERAL_CONVERSION = YES;
				CLANG_WARN_OBJC_ROOT_CLASS = YES_ERROR;
				CLANG_WARN_QUOTED_INCLUDE_IN_FRAMEWORK_HEADER = YES;
				CLANG_WARN_RANGE_LOOP_ANALYSIS = YES;
				CLANG_WARN_STRICT_PROTOTYPES = YES;
				CLANG_WARN_SUSPICIOUS_MOVE = YES;
				CLANG_WARN_UNGUARDED_AVAILABILITY = YES_AGGRESSIVE;
				CLANG_WARN_UNREACHABLE_CODE = YES;
				CLANG_WARN__DUPLICATE_METHOD_MATCH = YES;
				COPY_PHASE_STRIP = NO;
				DEBUG_INFORMATION_FORMAT = dwarf;
				ENABLE_STRICT_OBJC_MSGSEND = YES;
				ENABLE_TESTABILITY = YES;
				GCC_C_LANGUAGE_STANDARD = gnu11;
				GCC_DYNAMIC_NO_PIC = NO;
				GCC_NO_COMMON_BLOCKS = YES;
				GCC_OPTIMIZATION_LEVEL = 0;
				GCC_PREPROCESSOR_DEFINITIONS = (
					"DEBUG=1",
					"$(inherited)",
				);
				GCC_WARN_64_TO_32_BIT_CONVERSION = YES;
				GCC_WARN_ABOUT_RETURN_TYPE = YES_ERROR;
				GCC_WARN_UNDECLARED_SELECTOR = YES;
				GCC_WARN_UNINITIALIZED_AUTOS = YES_AGGRESSIVE;
				GCC_WARN_UNUSED_FUNCTION = YES;
				GCC_WARN_UNUSED_VARIABLE = YES;
				IPHONEOS_DEPLOYMENT_TARGET = 15.5;
				MTL_ENABLE_DEBUG_INFO = INCLUDE_SOURCE;
				MTL_FAST_MATH = YES;
				ONLY_ACTIVE_ARCH = YES;
				SDKROOT = iphoneos;
				SWIFT_ACTIVE_COMPILATION_CONDITIONS = DEBUG;
				SWIFT_OPTIMIZATION_LEVEL = "-Onone";
			};
			name = Debug;
		};
		196A3F50283CBEE9009D256A /* Release */ = {
			isa = XCBuildConfiguration;
			buildSettings = {
				ALWAYS_SEARCH_USER_PATHS = NO;
				CLANG_ANALYZER_NONNULL = YES;
				CLANG_ANALYZER_NUMBER_OBJECT_CONVERSION = YES_AGGRESSIVE;
				CLANG_CXX_LANGUAGE_STANDARD = "gnu++17";
				CLANG_ENABLE_MODULES = YES;
				CLANG_ENABLE_OBJC_ARC = YES;
				CLANG_ENABLE_OBJC_WEAK = YES;
				CLANG_WARN_BLOCK_CAPTURE_AUTORELEASING = YES;
				CLANG_WARN_BOOL_CONVERSION = YES;
				CLANG_WARN_COMMA = YES;
				CLANG_WARN_CONSTANT_CONVERSION = YES;
				CLANG_WARN_DEPRECATED_OBJC_IMPLEMENTATIONS = YES;
				CLANG_WARN_DIRECT_OBJC_ISA_USAGE = YES_ERROR;
				CLANG_WARN_DOCUMENTATION_COMMENTS = YES;
				CLANG_WARN_EMPTY_BODY = YES;
				CLANG_WARN_ENUM_CONVERSION = YES;
				CLANG_WARN_INFINITE_RECURSION = YES;
				CLANG_WARN_INT_CONVERSION = YES;
				CLANG_WARN_NON_LITERAL_NULL_CONVERSION = YES;
				CLANG_WARN_OBJC_IMPLICIT_RETAIN_SELF = YES;
				CLANG_WARN_OBJC_LITERAL_CONVERSION = YES;
				CLANG_WARN_OBJC_ROOT_CLASS = YES_ERROR;
				CLANG_WARN_QUOTED_INCLUDE_IN_FRAMEWORK_HEADER = YES;
				CLANG_WARN_RANGE_LOOP_ANALYSIS = YES;
				CLANG_WARN_STRICT_PROTOTYPES = YES;
				CLANG_WARN_SUSPICIOUS_MOVE = YES;
				CLANG_WARN_UNGUARDED_AVAILABILITY = YES_AGGRESSIVE;
				CLANG_WARN_UNREACHABLE_CODE = YES;
				CLANG_WARN__DUPLICATE_METHOD_MATCH = YES;
				COPY_PHASE_STRIP = NO;
				DEBUG_INFORMATION_FORMAT = "dwarf-with-dsym";
				ENABLE_NS_ASSERTIONS = NO;
				ENABLE_STRICT_OBJC_MSGSEND = YES;
				GCC_C_LANGUAGE_STANDARD = gnu11;
				GCC_NO_COMMON_BLOCKS = YES;
				GCC_WARN_64_TO_32_BIT_CONVERSION = YES;
				GCC_WARN_ABOUT_RETURN_TYPE = YES_ERROR;
				GCC_WARN_UNDECLARED_SELECTOR = YES;
				GCC_WARN_UNINITIALIZED_AUTOS = YES_AGGRESSIVE;
				GCC_WARN_UNUSED_FUNCTION = YES;
				GCC_WARN_UNUSED_VARIABLE = YES;
				IPHONEOS_DEPLOYMENT_TARGET = 15.5;
				MTL_ENABLE_DEBUG_INFO = NO;
				MTL_FAST_MATH = YES;
				SDKROOT = iphoneos;
				SWIFT_COMPILATION_MODE = wholemodule;
				SWIFT_OPTIMIZATION_LEVEL = "-O";
				VALIDATE_PRODUCT = YES;
			};
			name = Release;
		};
		196A3F52283CBEE9009D256A /* Debug */ = {
			isa = XCBuildConfiguration;
			buildSettings = {
				ASSETCATALOG_COMPILER_APPICON_NAME = AppIcon;
				ASSETCATALOG_COMPILER_GLOBAL_ACCENT_COLOR_NAME = AccentColor;
				CODE_SIGN_STYLE = Automatic;
				CURRENT_PROJECT_VERSION = 1;
				DEVELOPMENT_ASSET_PATHS = "\"Landmarks/Preview Content\"";
				DEVELOPMENT_TEAM = R3CRSCKQ4W;
				ENABLE_PREVIEWS = YES;
				GENERATE_INFOPLIST_FILE = YES;
				INFOPLIST_KEY_UIApplicationSceneManifest_Generation = YES;
				INFOPLIST_KEY_UIApplicationSupportsIndirectInputEvents = YES;
				INFOPLIST_KEY_UILaunchScreen_Generation = YES;
				INFOPLIST_KEY_UISupportedInterfaceOrientations_iPad = "UIInterfaceOrientationPortrait UIInterfaceOrientationPortraitUpsideDown UIInterfaceOrientationLandscapeLeft UIInterfaceOrientationLandscapeRight";
				INFOPLIST_KEY_UISupportedInterfaceOrientations_iPhone = "UIInterfaceOrientationPortrait UIInterfaceOrientationLandscapeLeft UIInterfaceOrientationLandscapeRight";
				LD_RUNPATH_SEARCH_PATHS = (
					"$(inherited)",
					"@executable_path/Frameworks",
				);
				MARKETING_VERSION = 1.0;
				PRODUCT_BUNDLE_IDENTIFIER = Seongbin.Landmarks;
				PRODUCT_NAME = "$(TARGET_NAME)";
				SWIFT_EMIT_LOC_STRINGS = YES;
				SWIFT_VERSION = 5.0;
				TARGETED_DEVICE_FAMILY = "1,2";
			};
			name = Debug;
		};
		196A3F53283CBEE9009D256A /* Release */ = {
			isa = XCBuildConfiguration;
			buildSettings = {
				ASSETCATALOG_COMPILER_APPICON_NAME = AppIcon;
				ASSETCATALOG_COMPILER_GLOBAL_ACCENT_COLOR_NAME = AccentColor;
				CODE_SIGN_STYLE = Automatic;
				CURRENT_PROJECT_VERSION = 1;
				DEVELOPMENT_ASSET_PATHS = "\"Landmarks/Preview Content\"";
				DEVELOPMENT_TEAM = R3CRSCKQ4W;
				ENABLE_PREVIEWS = YES;
				GENERATE_INFOPLIST_FILE = YES;
				INFOPLIST_KEY_UIApplicationSceneManifest_Generation = YES;
				INFOPLIST_KEY_UIApplicationSupportsIndirectInputEvents = YES;
				INFOPLIST_KEY_UILaunchScreen_Generation = YES;
				INFOPLIST_KEY_UISupportedInterfaceOrientations_iPad = "UIInterfaceOrientationPortrait UIInterfaceOrientationPortraitUpsideDown UIInterfaceOrientationLandscapeLeft UIInterfaceOrientationLandscapeRight";
				INFOPLIST_KEY_UISupportedInterfaceOrientations_iPhone = "UIInterfaceOrientationPortrait UIInterfaceOrientationLandscapeLeft UIInterfaceOrientationLandscapeRight";
				LD_RUNPATH_SEARCH_PATHS = (
					"$(inherited)",
					"@executable_path/Frameworks",
				);
				MARKETING_VERSION = 1.0;
				PRODUCT_BUNDLE_IDENTIFIER = Seongbin.Landmarks;
				PRODUCT_NAME = "$(TARGET_NAME)";
				SWIFT_EMIT_LOC_STRINGS = YES;
				SWIFT_VERSION = 5.0;
				TARGETED_DEVICE_FAMILY = "1,2";
			};
			name = Release;
		};
		199095E7283FD19200704315 /* Debug */ = {
			isa = XCBuildConfiguration;
			buildSettings = {
				ALWAYS_EMBED_SWIFT_STANDARD_LIBRARIES = YES;
				ASSETCATALOG_COMPILER_APPICON_NAME = AppIcon;
				ASSETCATALOG_COMPILER_GLOBAL_ACCENT_COLOR_NAME = AccentColor;
				CODE_SIGN_STYLE = Automatic;
				CURRENT_PROJECT_VERSION = 1;
				DEVELOPMENT_TEAM = R3CRSCKQ4W;
				GENERATE_INFOPLIST_FILE = YES;
				IBSC_MODULE = WatchLandmarks_WatchKit_Extension;
				INFOPLIST_KEY_CFBundleDisplayName = WatchLandmarks;
				INFOPLIST_KEY_UISupportedInterfaceOrientations = "UIInterfaceOrientationPortrait UIInterfaceOrientationPortraitUpsideDown";
				INFOPLIST_KEY_WKCompanionAppBundleIdentifier = Seongbin.Landmarks;
				MARKETING_VERSION = 1.0;
				PRODUCT_BUNDLE_IDENTIFIER = Seongbin.Landmarks.watchkitapp;
				PRODUCT_NAME = "$(TARGET_NAME)";
				SDKROOT = watchos;
				SKIP_INSTALL = YES;
				SWIFT_EMIT_LOC_STRINGS = YES;
				SWIFT_VERSION = 5.0;
				TARGETED_DEVICE_FAMILY = 4;
				WATCHOS_DEPLOYMENT_TARGET = 8.5;
			};
			name = Debug;
		};
		199095E8283FD19200704315 /* Release */ = {
			isa = XCBuildConfiguration;
			buildSettings = {
				ALWAYS_EMBED_SWIFT_STANDARD_LIBRARIES = YES;
				ASSETCATALOG_COMPILER_APPICON_NAME = AppIcon;
				ASSETCATALOG_COMPILER_GLOBAL_ACCENT_COLOR_NAME = AccentColor;
				CODE_SIGN_STYLE = Automatic;
				CURRENT_PROJECT_VERSION = 1;
				DEVELOPMENT_TEAM = R3CRSCKQ4W;
				GENERATE_INFOPLIST_FILE = YES;
				IBSC_MODULE = WatchLandmarks_WatchKit_Extension;
				INFOPLIST_KEY_CFBundleDisplayName = WatchLandmarks;
				INFOPLIST_KEY_UISupportedInterfaceOrientations = "UIInterfaceOrientationPortrait UIInterfaceOrientationPortraitUpsideDown";
				INFOPLIST_KEY_WKCompanionAppBundleIdentifier = Seongbin.Landmarks;
				MARKETING_VERSION = 1.0;
				PRODUCT_BUNDLE_IDENTIFIER = Seongbin.Landmarks.watchkitapp;
				PRODUCT_NAME = "$(TARGET_NAME)";
				SDKROOT = watchos;
				SKIP_INSTALL = YES;
				SWIFT_EMIT_LOC_STRINGS = YES;
				SWIFT_VERSION = 5.0;
				TARGETED_DEVICE_FAMILY = 4;
				WATCHOS_DEPLOYMENT_TARGET = 8.5;
			};
			name = Release;
		};
		199095EA283FD19200704315 /* Debug */ = {
			isa = XCBuildConfiguration;
			buildSettings = {
				ASSETCATALOG_COMPILER_COMPLICATION_NAME = Complication;
				CODE_SIGN_STYLE = Automatic;
				CURRENT_PROJECT_VERSION = 1;
				DEVELOPMENT_ASSET_PATHS = "\"WatchLandmarks WatchKit Extension/Preview Content\"";
				DEVELOPMENT_TEAM = R3CRSCKQ4W;
				ENABLE_PREVIEWS = YES;
				GENERATE_INFOPLIST_FILE = YES;
				INFOPLIST_FILE = "WatchLandmarks WatchKit Extension/Info.plist";
				INFOPLIST_KEY_CFBundleDisplayName = "WatchLandmarks WatchKit Extension";
				INFOPLIST_KEY_CLKComplicationPrincipalClass = WatchLandmarks_WatchKit_Extension.ComplicationController;
				INFOPLIST_KEY_NSHumanReadableCopyright = "";
				INFOPLIST_KEY_WKRunsIndependentlyOfCompanionApp = YES;
				LD_RUNPATH_SEARCH_PATHS = (
					"$(inherited)",
					"@executable_path/Frameworks",
					"@executable_path/../../Frameworks",
				);
				MARKETING_VERSION = 1.0;
				PRODUCT_BUNDLE_IDENTIFIER = Seongbin.Landmarks.watchkitapp.watchkitextension;
				PRODUCT_NAME = "${TARGET_NAME}";
				SDKROOT = watchos;
				SKIP_INSTALL = YES;
				SWIFT_EMIT_LOC_STRINGS = YES;
				SWIFT_VERSION = 5.0;
				TARGETED_DEVICE_FAMILY = 4;
				WATCHOS_DEPLOYMENT_TARGET = 8.5;
			};
			name = Debug;
		};
		199095EB283FD19200704315 /* Release */ = {
			isa = XCBuildConfiguration;
			buildSettings = {
				ASSETCATALOG_COMPILER_COMPLICATION_NAME = Complication;
				CODE_SIGN_STYLE = Automatic;
				CURRENT_PROJECT_VERSION = 1;
				DEVELOPMENT_ASSET_PATHS = "\"WatchLandmarks WatchKit Extension/Preview Content\"";
				DEVELOPMENT_TEAM = R3CRSCKQ4W;
				ENABLE_PREVIEWS = YES;
				GENERATE_INFOPLIST_FILE = YES;
				INFOPLIST_FILE = "WatchLandmarks WatchKit Extension/Info.plist";
				INFOPLIST_KEY_CFBundleDisplayName = "WatchLandmarks WatchKit Extension";
				INFOPLIST_KEY_CLKComplicationPrincipalClass = WatchLandmarks_WatchKit_Extension.ComplicationController;
				INFOPLIST_KEY_NSHumanReadableCopyright = "";
				INFOPLIST_KEY_WKRunsIndependentlyOfCompanionApp = YES;
				LD_RUNPATH_SEARCH_PATHS = (
					"$(inherited)",
					"@executable_path/Frameworks",
					"@executable_path/../../Frameworks",
				);
				MARKETING_VERSION = 1.0;
				PRODUCT_BUNDLE_IDENTIFIER = Seongbin.Landmarks.watchkitapp.watchkitextension;
				PRODUCT_NAME = "${TARGET_NAME}";
				SDKROOT = watchos;
				SKIP_INSTALL = YES;
				SWIFT_EMIT_LOC_STRINGS = YES;
				SWIFT_VERSION = 5.0;
				TARGETED_DEVICE_FAMILY = 4;
				WATCHOS_DEPLOYMENT_TARGET = 8.5;
			};
			name = Release;
		};
		28D08B5128434B3E00B607AF /* Debug */ = {
			isa = XCBuildConfiguration;
			buildSettings = {
				ASSETCATALOG_COMPILER_APPICON_NAME = AppIcon;
				ASSETCATALOG_COMPILER_GLOBAL_ACCENT_COLOR_NAME = AccentColor;
				CODE_SIGN_ENTITLEMENTS = MacLandmarks/MacLandmarks.entitlements;
				CODE_SIGN_STYLE = Automatic;
				COMBINE_HIDPI_IMAGES = YES;
				CURRENT_PROJECT_VERSION = 1;
				DEVELOPMENT_ASSET_PATHS = "\"MacLandmarks/Preview Content\"";
				DEVELOPMENT_TEAM = R3CRSCKQ4W;
				ENABLE_HARDENED_RUNTIME = YES;
				ENABLE_PREVIEWS = YES;
				GENERATE_INFOPLIST_FILE = YES;
				INFOPLIST_KEY_NSHumanReadableCopyright = "";
				LD_RUNPATH_SEARCH_PATHS = (
					"$(inherited)",
					"@executable_path/../Frameworks",
				);
				MACOSX_DEPLOYMENT_TARGET = 12.3;
				MARKETING_VERSION = 1.0;
				PRODUCT_BUNDLE_IDENTIFIER = Seongbin.MacLandmarks;
				PRODUCT_NAME = "$(TARGET_NAME)";
				SDKROOT = macosx;
				SWIFT_EMIT_LOC_STRINGS = YES;
				SWIFT_VERSION = 5.0;
			};
			name = Debug;
		};
		28D08B5228434B3E00B607AF /* Release */ = {
			isa = XCBuildConfiguration;
			buildSettings = {
				ASSETCATALOG_COMPILER_APPICON_NAME = AppIcon;
				ASSETCATALOG_COMPILER_GLOBAL_ACCENT_COLOR_NAME = AccentColor;
				CODE_SIGN_ENTITLEMENTS = MacLandmarks/MacLandmarks.entitlements;
				CODE_SIGN_STYLE = Automatic;
				COMBINE_HIDPI_IMAGES = YES;
				CURRENT_PROJECT_VERSION = 1;
				DEVELOPMENT_ASSET_PATHS = "\"MacLandmarks/Preview Content\"";
				DEVELOPMENT_TEAM = R3CRSCKQ4W;
				ENABLE_HARDENED_RUNTIME = YES;
				ENABLE_PREVIEWS = YES;
				GENERATE_INFOPLIST_FILE = YES;
				INFOPLIST_KEY_NSHumanReadableCopyright = "";
				LD_RUNPATH_SEARCH_PATHS = (
					"$(inherited)",
					"@executable_path/../Frameworks",
				);
				MACOSX_DEPLOYMENT_TARGET = 12.3;
				MARKETING_VERSION = 1.0;
				PRODUCT_BUNDLE_IDENTIFIER = Seongbin.MacLandmarks;
				PRODUCT_NAME = "$(TARGET_NAME)";
				SDKROOT = macosx;
				SWIFT_EMIT_LOC_STRINGS = YES;
				SWIFT_VERSION = 5.0;
			};
			name = Release;
		};
/* End XCBuildConfiguration section */

/* Begin XCConfigurationList section */
		196A3F3E283CBEE8009D256A /* Build configuration list for PBXProject "Landmarks" */ = {
			isa = XCConfigurationList;
			buildConfigurations = (
				196A3F4F283CBEE9009D256A /* Debug */,
				196A3F50283CBEE9009D256A /* Release */,
			);
			defaultConfigurationIsVisible = 0;
			defaultConfigurationName = Release;
		};
		196A3F51283CBEE9009D256A /* Build configuration list for PBXNativeTarget "Landmarks" */ = {
			isa = XCConfigurationList;
			buildConfigurations = (
				196A3F52283CBEE9009D256A /* Debug */,
				196A3F53283CBEE9009D256A /* Release */,
			);
			defaultConfigurationIsVisible = 0;
			defaultConfigurationName = Release;
		};
		199095EC283FD19200704315 /* Build configuration list for PBXNativeTarget "WatchLandmarks WatchKit Extension" */ = {
			isa = XCConfigurationList;
			buildConfigurations = (
				199095EA283FD19200704315 /* Debug */,
				199095EB283FD19200704315 /* Release */,
			);
			defaultConfigurationIsVisible = 0;
			defaultConfigurationName = Release;
		};
		199095ED283FD19200704315 /* Build configuration list for PBXNativeTarget "WatchLandmarks" */ = {
			isa = XCConfigurationList;
			buildConfigurations = (
				199095E7283FD19200704315 /* Debug */,
				199095E8283FD19200704315 /* Release */,
			);
			defaultConfigurationIsVisible = 0;
			defaultConfigurationName = Release;
		};
		28D08B5328434B3E00B607AF /* Build configuration list for PBXNativeTarget "MacLandmarks" */ = {
			isa = XCConfigurationList;
			buildConfigurations = (
				28D08B5128434B3E00B607AF /* Debug */,
				28D08B5228434B3E00B607AF /* Release */,
			);
			defaultConfigurationIsVisible = 0;
			defaultConfigurationName = Release;
		};
/* End XCConfigurationList section */
	};
	rootObject = 196A3F3B283CBEE8009D256A /* Project object */;
}
